// !$*UTF8*$!
{
	archiveVersion = 1;
	classes = {
	};
	objectVersion = 56;
	objects = {

/* Begin PBXBuildFile section */
		221AC67B290C3A2800993F52 /* DataHandler.swift in Sources */ = {isa = PBXBuildFile; fileRef = 221AC67A290C3A2700993F52 /* DataHandler.swift */; };
		221AC67D290D150B00993F52 /* BackgroundLinearGradient.swift in Sources */ = {isa = PBXBuildFile; fileRef = 221AC67C290D150B00993F52 /* BackgroundLinearGradient.swift */; };
		223523FD292700E2000126E1 /* UserView.swift in Sources */ = {isa = PBXBuildFile; fileRef = 223523FC292700E2000126E1 /* UserView.swift */; };
		223523FF292700ED000126E1 /* ImpressumView.swift in Sources */ = {isa = PBXBuildFile; fileRef = 223523FE292700ED000126E1 /* ImpressumView.swift */; };
		2239595B290452A600D5F38E /* UIImageTransformer.swift in Sources */ = {isa = PBXBuildFile; fileRef = 2239595A290452A600D5F38E /* UIImageTransformer.swift */; };
		2239595F2907DDCD00D5F38E /* ContractListItem.swift in Sources */ = {isa = PBXBuildFile; fileRef = 2239595E2907DDCD00D5F38E /* ContractListItem.swift */; };
		223AD4D42912B59B009B5C1C /* ContractAdminister.swift in Sources */ = {isa = PBXBuildFile; fileRef = 223AD4D32912B59B009B5C1C /* ContractAdminister.swift */; };
		223AD52229157DF1009B5C1C /* ListItemContractArea.swift in Sources */ = {isa = PBXBuildFile; fileRef = 223AD52129157DF1009B5C1C /* ListItemContractArea.swift */; };
		223AD5242917C67D009B5C1C /* CreateNewPerpetration.swift in Sources */ = {isa = PBXBuildFile; fileRef = 223AD5232917C67D009B5C1C /* CreateNewPerpetration.swift */; };
		223AD5262917CBDA009B5C1C /* ToggleCheckboxStyle.swift in Sources */ = {isa = PBXBuildFile; fileRef = 223AD5252917CBDA009B5C1C /* ToggleCheckboxStyle.swift */; };
		223AD56E291845D3009B5C1C /* EditListItemContractArea.swift in Sources */ = {isa = PBXBuildFile; fileRef = 223AD56D291845D3009B5C1C /* EditListItemContractArea.swift */; };
		223AD572291861AD009B5C1C /* FrequencyEstimationFieldGerman.swift in Sources */ = {isa = PBXBuildFile; fileRef = 223AD571291861AD009B5C1C /* FrequencyEstimationFieldGerman.swift */; };
		223AD5742918623C009B5C1C /* ExportPreviewPDFFFH.swift in Sources */ = {isa = PBXBuildFile; fileRef = 223AD5732918623C009B5C1C /* ExportPreviewPDFFFH.swift */; };
		223AD57629186339009B5C1C /* SpeciesCensusView.swift in Sources */ = {isa = PBXBuildFile; fileRef = 223AD57529186339009B5C1C /* SpeciesCensusView.swift */; };
		223AD57829192815009B5C1C /* CounterViewModel.swift in Sources */ = {isa = PBXBuildFile; fileRef = 223AD57729192815009B5C1C /* CounterViewModel.swift */; };
		223AD581291940D7009B5C1C /* AppStateDataModel.xcdatamodeld in Sources */ = {isa = PBXBuildFile; fileRef = 223AD57F291940D7009B5C1C /* AppStateDataModel.xcdatamodeld */; };
		223AD5DC29199C53009B5C1C /* PlantSpeciesItem+CoreDataClass.swift in Sources */ = {isa = PBXBuildFile; fileRef = 223AD5D629199C53009B5C1C /* PlantSpeciesItem+CoreDataClass.swift */; };
		223AD5DD29199C53009B5C1C /* PlantSpeciesItem+CoreDataProperties.swift in Sources */ = {isa = PBXBuildFile; fileRef = 223AD5D729199C53009B5C1C /* PlantSpeciesItem+CoreDataProperties.swift */; };
		223AD5DE29199C53009B5C1C /* ListEntry+CoreDataClass.swift in Sources */ = {isa = PBXBuildFile; fileRef = 223AD5D829199C53009B5C1C /* ListEntry+CoreDataClass.swift */; };
		223AD5DF29199C53009B5C1C /* ListEntry+CoreDataProperties.swift in Sources */ = {isa = PBXBuildFile; fileRef = 223AD5D929199C53009B5C1C /* ListEntry+CoreDataProperties.swift */; };
		223AD5E029199C53009B5C1C /* AppContract+CoreDataClass.swift in Sources */ = {isa = PBXBuildFile; fileRef = 223AD5DA29199C53009B5C1C /* AppContract+CoreDataClass.swift */; };
		223AD5E129199C53009B5C1C /* AppContract+CoreDataProperties.swift in Sources */ = {isa = PBXBuildFile; fileRef = 223AD5DB29199C53009B5C1C /* AppContract+CoreDataProperties.swift */; };
		223AD5E32919C2E7009B5C1C /* PlantSpecies.swift in Sources */ = {isa = PBXBuildFile; fileRef = 223AD5E22919C2E7009B5C1C /* PlantSpecies.swift */; };
		223AD5E52919C309009B5C1C /* PlantSpeciesDataModel.swift in Sources */ = {isa = PBXBuildFile; fileRef = 223AD5E42919C309009B5C1C /* PlantSpeciesDataModel.swift */; };
		223BB34D29103C490064927A /* TextView.swift in Sources */ = {isa = PBXBuildFile; fileRef = 223BB34C29103C490064927A /* TextView.swift */; };
		223BB354291147380064927A /* WrappedTextView.swift in Sources */ = {isa = PBXBuildFile; fileRef = 223BB353291147380064927A /* WrappedTextView.swift */; };
		223BB35829116F9D0064927A /* SelectFilterView.swift in Sources */ = {isa = PBXBuildFile; fileRef = 223BB35729116F9D0064927A /* SelectFilterView.swift */; };
		2244BDEE294CBEFB00CF8062 /* DocumentPicker.swift in Sources */ = {isa = PBXBuildFile; fileRef = 2244BDED294CBEFB00CF8062 /* DocumentPicker.swift */; };
		2244BDF0294CBF0600CF8062 /* DocumentPickerCoordinator.swift in Sources */ = {isa = PBXBuildFile; fileRef = 2244BDEF294CBF0600CF8062 /* DocumentPickerCoordinator.swift */; };
		22455CF628FF03BC002876AD /* CreateNewContract.swift in Sources */ = {isa = PBXBuildFile; fileRef = 22455CF528FF03BC002876AD /* CreateNewContract.swift */; };
		22455CFA28FF27B5002876AD /* ManageContractView.swift in Sources */ = {isa = PBXBuildFile; fileRef = 22455CF928FF27B5002876AD /* ManageContractView.swift */; };
		22455D0B2900901C002876AD /* ImagePicker.swift in Sources */ = {isa = PBXBuildFile; fileRef = 22455D0A2900901C002876AD /* ImagePicker.swift */; };
		22455D0D290094AE002876AD /* NewContractDataModel.swift in Sources */ = {isa = PBXBuildFile; fileRef = 22455D0C290094AE002876AD /* NewContractDataModel.swift */; };
		22455D122900A869002876AD /* CoreDataManager.swift in Sources */ = {isa = PBXBuildFile; fileRef = 22455D112900A869002876AD /* CoreDataManager.swift */; };
		224F45FC28FD80E7004EA74F /* LandschaftserhaltungsApp.swift in Sources */ = {isa = PBXBuildFile; fileRef = 224F45FB28FD80E7004EA74F /* LandschaftserhaltungsApp.swift */; };
		224F45FE28FD80E7004EA74F /* OnboardingFlowView.swift in Sources */ = {isa = PBXBuildFile; fileRef = 224F45FD28FD80E7004EA74F /* OnboardingFlowView.swift */; };
		224F460028FD80E8004EA74F /* Assets.xcassets in Resources */ = {isa = PBXBuildFile; fileRef = 224F45FF28FD80E8004EA74F /* Assets.xcassets */; };
		224F460328FD80E8004EA74F /* Preview Assets.xcassets in Resources */ = {isa = PBXBuildFile; fileRef = 224F460228FD80E8004EA74F /* Preview Assets.xcassets */; };
		224F460D28FD80E8004EA74F /* LandschaftserhaltungsTests.swift in Sources */ = {isa = PBXBuildFile; fileRef = 224F460C28FD80E8004EA74F /* LandschaftserhaltungsTests.swift */; };
		224F461728FD80E8004EA74F /* LandschaftserhaltungsUITests.swift in Sources */ = {isa = PBXBuildFile; fileRef = 224F461628FD80E8004EA74F /* LandschaftserhaltungsUITests.swift */; };
		224F461928FD80E8004EA74F /* LandschaftserhaltungsUITestsLaunchTests.swift in Sources */ = {isa = PBXBuildFile; fileRef = 224F461828FD80E8004EA74F /* LandschaftserhaltungsUITestsLaunchTests.swift */; };
		224F462828FDFC99004EA74F /* MainSideView.swift in Sources */ = {isa = PBXBuildFile; fileRef = 224F462728FDFC99004EA74F /* MainSideView.swift */; };
		224F462B28FE0167004EA74F /* WelcomeView.swift in Sources */ = {isa = PBXBuildFile; fileRef = 224F462A28FE0167004EA74F /* WelcomeView.swift */; };
		224F462D28FE06BB004EA74F /* FirstFeatureOverview.swift in Sources */ = {isa = PBXBuildFile; fileRef = 224F462C28FE06BB004EA74F /* FirstFeatureOverview.swift */; };
		224F462F28FE06CD004EA74F /* SecondFeatureOverview.swift in Sources */ = {isa = PBXBuildFile; fileRef = 224F462E28FE06CD004EA74F /* SecondFeatureOverview.swift */; };
		224F463128FE06E4004EA74F /* ThirdFeatureOverview.swift in Sources */ = {isa = PBXBuildFile; fileRef = 224F463028FE06E4004EA74F /* ThirdFeatureOverview.swift */; };
		224F463328FE07D8004EA74F /* DoneOverview.swift in Sources */ = {isa = PBXBuildFile; fileRef = 224F463228FE07D8004EA74F /* DoneOverview.swift */; };
		224F463528FE1443004EA74F /* AppState.swift in Sources */ = {isa = PBXBuildFile; fileRef = 224F463428FE1443004EA74F /* AppState.swift */; };
		224F463828FE1BE2004EA74F /* extensions.swift in Sources */ = {isa = PBXBuildFile; fileRef = 224F463728FE1BE2004EA74F /* extensions.swift */; };
		2252D321290868FF00568A1A /* EditContractView.swift in Sources */ = {isa = PBXBuildFile; fileRef = 2252D320290868FF00568A1A /* EditContractView.swift */; };
		225561D029252F6700C645F6 /* HeaderView.swift in Sources */ = {isa = PBXBuildFile; fileRef = 225561CF29252F6700C645F6 /* HeaderView.swift */; };
		225561D229252F8900C645F6 /* RowViewLongTerm.swift in Sources */ = {isa = PBXBuildFile; fileRef = 225561D129252F8900C645F6 /* RowViewLongTerm.swift */; };
		225561D429252FC100C645F6 /* SectionIndexTitles.swift in Sources */ = {isa = PBXBuildFile; fileRef = 225561D329252FC100C645F6 /* SectionIndexTitles.swift */; };
		225561D629252FEC00C645F6 /* SectionIndexTitle.swift in Sources */ = {isa = PBXBuildFile; fileRef = 225561D529252FEC00C645F6 /* SectionIndexTitle.swift */; };
		2259A2A42938C48E003212AC /* FrequencyEstimationFieldLatein.swift in Sources */ = {isa = PBXBuildFile; fileRef = 2259A2A32938C48E003212AC /* FrequencyEstimationFieldLatein.swift */; };
		225DFBA929311F4C005C7DEC /* PictureViewExport.swift in Sources */ = {isa = PBXBuildFile; fileRef = 225DFBA829311F4C005C7DEC /* PictureViewExport.swift */; };
		225DFBE82932356B005C7DEC /* PDFCreatorDiffrentBiotop.swift in Sources */ = {isa = PBXBuildFile; fileRef = 225DFBE72932356B005C7DEC /* PDFCreatorDiffrentBiotop.swift */; };
		225DFBEB29323F59005C7DEC /* TPPDF in Frameworks */ = {isa = PBXBuildFile; productRef = 225DFBEA29323F59005C7DEC /* TPPDF */; };
		225DFBEE29338873005C7DEC /* PDFKitView.swift in Sources */ = {isa = PBXBuildFile; fileRef = 225DFBED29338873005C7DEC /* PDFKitView.swift */; };
		225DFBF02933D80F005C7DEC /* PlantMatcher.swift in Sources */ = {isa = PBXBuildFile; fileRef = 225DFBEF2933D80F005C7DEC /* PlantMatcher.swift */; };
		225DFBF22934E625005C7DEC /* PDFCreatorFFH.swift in Sources */ = {isa = PBXBuildFile; fileRef = 225DFBF12934E625005C7DEC /* PDFCreatorFFH.swift */; };
		225DFBFE29350108005C7DEC /* CSV in Frameworks */ = {isa = PBXBuildFile; productRef = 225DFBFD29350108005C7DEC /* CSV */; };
		225DFC0D2935575A005C7DEC /* CSVKit in Frameworks */ = {isa = PBXBuildFile; productRef = 225DFC0C2935575A005C7DEC /* CSVKit */; };
		225DFC112936048D005C7DEC /* CHCSVParser.m in Sources */ = {isa = PBXBuildFile; fileRef = 225DFC102936048D005C7DEC /* CHCSVParser.m */; };
		225DFC1329360790005C7DEC /* CSVGenerator.swift in Sources */ = {isa = PBXBuildFile; fileRef = 225DFC1229360790005C7DEC /* CSVGenerator.swift */; };
		225DFC19293629A4005C7DEC /* CSVImport.swift in Sources */ = {isa = PBXBuildFile; fileRef = 225DFC18293629A4005C7DEC /* CSVImport.swift */; };
		225DFC1B2936B715005C7DEC /* PlantListItem.swift in Sources */ = {isa = PBXBuildFile; fileRef = 225DFC1A2936B715005C7DEC /* PlantListItem.swift */; };
		226C67B529278F1F0049958A /* Profile+CoreDataClass.swift in Sources */ = {isa = PBXBuildFile; fileRef = 226C67B329278F1F0049958A /* Profile+CoreDataClass.swift */; };
		226C67B629278F1F0049958A /* Profile+CoreDataProperties.swift in Sources */ = {isa = PBXBuildFile; fileRef = 226C67B429278F1F0049958A /* Profile+CoreDataProperties.swift */; };
		226C67BC292BAAD70049958A /* ProfileDataModel.swift in Sources */ = {isa = PBXBuildFile; fileRef = 226C67BB292BAAD70049958A /* ProfileDataModel.swift */; };
		226C67BE292CCAB60049958A /* UserSettings.swift in Sources */ = {isa = PBXBuildFile; fileRef = 226C67BD292CCAB60049958A /* UserSettings.swift */; };
		226C67C1292D23940049958A /* InsertNewPlantView.swift in Sources */ = {isa = PBXBuildFile; fileRef = 226C67C0292D23940049958A /* InsertNewPlantView.swift */; };
		226C67C3292D65EE0049958A /* FFHWieseConclusion.swift in Sources */ = {isa = PBXBuildFile; fileRef = 226C67C2292D65EE0049958A /* FFHWieseConclusion.swift */; };
		226C67C8292D71340049958A /* ZoomableScrollView.swift in Sources */ = {isa = PBXBuildFile; fileRef = 226C67C7292D71340049958A /* ZoomableScrollView.swift */; };
		226C67CA292D715F0049958A /* FileManager.swift in Sources */ = {isa = PBXBuildFile; fileRef = 226C67C9292D715F0049958A /* FileManager.swift */; };
		226C67CC292D71E50049958A /* ViewModel.swift in Sources */ = {isa = PBXBuildFile; fileRef = 226C67CB292D71E50049958A /* ViewModel.swift */; };
		226C67CE292D74C30049958A /* PickerModel.swift in Sources */ = {isa = PBXBuildFile; fileRef = 226C67CD292D74C30049958A /* PickerModel.swift */; };
		226C67D0292D76DC0049958A /* ImagePickerInformationSide.swift in Sources */ = {isa = PBXBuildFile; fileRef = 226C67CF292D76DC0049958A /* ImagePickerInformationSide.swift */; };
		226C67D2292E11810049958A /* PictureViewModel.swift in Sources */ = {isa = PBXBuildFile; fileRef = 226C67D1292E11810049958A /* PictureViewModel.swift */; };
		226C67D4292E11AA0049958A /* PartFieldItem.swift in Sources */ = {isa = PBXBuildFile; fileRef = 226C67D3292E11AA0049958A /* PartFieldItem.swift */; };
		226C67D9292E180F0049958A /* FieldInformation+CoreDataClass.swift in Sources */ = {isa = PBXBuildFile; fileRef = 226C67D5292E180F0049958A /* FieldInformation+CoreDataClass.swift */; };
		226C67DA292E180F0049958A /* FieldInformation+CoreDataProperties.swift in Sources */ = {isa = PBXBuildFile; fileRef = 226C67D6292E180F0049958A /* FieldInformation+CoreDataProperties.swift */; };
		226C67DB292E180F0049958A /* PicutreList+CoreDataClass.swift in Sources */ = {isa = PBXBuildFile; fileRef = 226C67D7292E180F0049958A /* PicutreList+CoreDataClass.swift */; };
		226C67DC292E180F0049958A /* PicutreList+CoreDataProperties.swift in Sources */ = {isa = PBXBuildFile; fileRef = 226C67D8292E180F0049958A /* PicutreList+CoreDataProperties.swift */; };
		226C67E0292E87180049958A /* RowViewShortTerm.swift in Sources */ = {isa = PBXBuildFile; fileRef = 226C67DF292E87180049958A /* RowViewShortTerm.swift */; };
		226C67E2292E95070049958A /* NavigationUtil.swift in Sources */ = {isa = PBXBuildFile; fileRef = 226C67E1292E95070049958A /* NavigationUtil.swift */; };
		226C67E4292ECCE40049958A /* ExportPreviewPDFOtherBiotop.swift in Sources */ = {isa = PBXBuildFile; fileRef = 226C67E3292ECCE40049958A /* ExportPreviewPDFOtherBiotop.swift */; };
		227FAAC4291E4BC700D747DA /* SearchBar.swift in Sources */ = {isa = PBXBuildFile; fileRef = 227FAAC3291E4BC700D747DA /* SearchBar.swift */; };
		227FAB33291ED81700D747DA /* CheckBoxView.swift in Sources */ = {isa = PBXBuildFile; fileRef = 227FAB32291ED81700D747DA /* CheckBoxView.swift */; };
		22A0AD9A293A4984008D2EA7 /* SetFrequenceViewLongTerm.swift in Sources */ = {isa = PBXBuildFile; fileRef = 22A0AD99293A4984008D2EA7 /* SetFrequenceViewLongTerm.swift */; };
		22A0AD9C293A49B7008D2EA7 /* SetFrequenceViewShortTerm.swift in Sources */ = {isa = PBXBuildFile; fileRef = 22A0AD9B293A49B7008D2EA7 /* SetFrequenceViewShortTerm.swift */; };
		22A108792919C8A50071FF3A /* SheetSelectPlantsShortTerm.swift in Sources */ = {isa = PBXBuildFile; fileRef = 22A108782919C8A50071FF3A /* SheetSelectPlantsShortTerm.swift */; };
		22A1087B2919CDCC0071FF3A /* TimerView.swift in Sources */ = {isa = PBXBuildFile; fileRef = 22A1087A2919CDCC0071FF3A /* TimerView.swift */; };
		22A1087D2919CFF80071FF3A /* CheckListItem.swift in Sources */ = {isa = PBXBuildFile; fileRef = 22A1087C2919CFF80071FF3A /* CheckListItem.swift */; };
		22A10882291BF66A0071FF3A /* PlantSpeciesLongTermItem+CoreDataClass.swift in Sources */ = {isa = PBXBuildFile; fileRef = 22A10880291BF66A0071FF3A /* PlantSpeciesLongTermItem+CoreDataClass.swift */; };
		22A10883291BF66A0071FF3A /* PlantSpeciesLongTermItem+CoreDataProperties.swift in Sources */ = {isa = PBXBuildFile; fileRef = 22A10881291BF66A0071FF3A /* PlantSpeciesLongTermItem+CoreDataProperties.swift */; };
		22A10885291C0C2A0071FF3A /* SheetSelectPlantsLongTerm.swift in Sources */ = {isa = PBXBuildFile; fileRef = 22A10884291C0C2A0071FF3A /* SheetSelectPlantsLongTerm.swift */; };
		22A10889291C1C260071FF3A /* InformationFFHWiese.swift in Sources */ = {isa = PBXBuildFile; fileRef = 22A10888291C1C260071FF3A /* InformationFFHWiese.swift */; };
		22A1088B291C1CE50071FF3A /* InformationAnderesBiotop.swift in Sources */ = {isa = PBXBuildFile; fileRef = 22A1088A291C1CE50071FF3A /* InformationAnderesBiotop.swift */; };
		329D8FEA293FC67A00DA0010 /* CollabsableWheelPicker.swift in Sources */ = {isa = PBXBuildFile; fileRef = 329D8FE9293FC67A00DA0010 /* CollabsableWheelPicker.swift */; };
		BFEFB781293CDBBB00266853 /* FourthFeatureOverview.swift in Sources */ = {isa = PBXBuildFile; fileRef = BFEFB780293CDBBB00266853 /* FourthFeatureOverview.swift */; };
		BFEFB783293CDDDD00266853 /* ReOnboradingFeatureOverview.swift in Sources */ = {isa = PBXBuildFile; fileRef = BFEFB782293CDDDD00266853 /* ReOnboradingFeatureOverview.swift */; };
		BFEFB785293CDF1100266853 /* FifthFeatureOverview.swift in Sources */ = {isa = PBXBuildFile; fileRef = BFEFB784293CDF1100266853 /* FifthFeatureOverview.swift */; };
		BFEFB787293CDF3200266853 /* SixthFeatureOverview.swift in Sources */ = {isa = PBXBuildFile; fileRef = BFEFB786293CDF3200266853 /* SixthFeatureOverview.swift */; };
		BFEFB789293CE3DA00266853 /* SeventhFeatureOverview.swift in Sources */ = {isa = PBXBuildFile; fileRef = BFEFB788293CE3DA00266853 /* SeventhFeatureOverview.swift */; };
		BFEFB78B293CE40200266853 /* EighthFeatureOverview.swift in Sources */ = {isa = PBXBuildFile; fileRef = BFEFB78A293CE40200266853 /* EighthFeatureOverview.swift */; };
		BFEFB78D293CE6D300266853 /* NinethFeatureOverview.swift in Sources */ = {isa = PBXBuildFile; fileRef = BFEFB78C293CE6D300266853 /* NinethFeatureOverview.swift */; };
		BFEFB78F293CE76700266853 /* TenthFeatureOverview.swift in Sources */ = {isa = PBXBuildFile; fileRef = BFEFB78E293CE76700266853 /* TenthFeatureOverview.swift */; };
		BFF0BB5529509CCC00E42179 /* WelcomeAndGenerateFolder.swift in Sources */ = {isa = PBXBuildFile; fileRef = BFF0BB5429509CCC00E42179 /* WelcomeAndGenerateFolder.swift */; };
		BFF0BB572950A62500E42179 /* CustomiseProfile.swift in Sources */ = {isa = PBXBuildFile; fileRef = BFF0BB562950A62400E42179 /* CustomiseProfile.swift */; };
		BFF0BB592950A71200E42179 /* NewContract.swift in Sources */ = {isa = PBXBuildFile; fileRef = BFF0BB582950A71200E42179 /* NewContract.swift */; };
		BFF0BB5B2950A7BF00E42179 /* ManageContract.swift in Sources */ = {isa = PBXBuildFile; fileRef = BFF0BB5A2950A7BF00E42179 /* ManageContract.swift */; };
		BFF0BB5D2950A88B00E42179 /* ContractOverview.swift in Sources */ = {isa = PBXBuildFile; fileRef = BFF0BB5C2950A88B00E42179 /* ContractOverview.swift */; };
		BFF0BB5F2950A97500E42179 /* RepeatOnboarding.swift in Sources */ = {isa = PBXBuildFile; fileRef = BFF0BB5E2950A97500E42179 /* RepeatOnboarding.swift */; };
/* End PBXBuildFile section */

/* Begin PBXContainerItemProxy section */
		224F460928FD80E8004EA74F /* PBXContainerItemProxy */ = {
			isa = PBXContainerItemProxy;
			containerPortal = 224F45F028FD80E7004EA74F /* Project object */;
			proxyType = 1;
			remoteGlobalIDString = 224F45F728FD80E7004EA74F;
			remoteInfo = Landschaftserhaltungs;
		};
		224F461328FD80E8004EA74F /* PBXContainerItemProxy */ = {
			isa = PBXContainerItemProxy;
			containerPortal = 224F45F028FD80E7004EA74F /* Project object */;
			proxyType = 1;
			remoteGlobalIDString = 224F45F728FD80E7004EA74F;
			remoteInfo = Landschaftserhaltungs;
		};
/* End PBXContainerItemProxy section */

/* Begin PBXFileReference section */
		221AC67A290C3A2700993F52 /* DataHandler.swift */ = {isa = PBXFileReference; lastKnownFileType = sourcecode.swift; path = DataHandler.swift; sourceTree = "<group>"; };
		221AC67C290D150B00993F52 /* BackgroundLinearGradient.swift */ = {isa = PBXFileReference; lastKnownFileType = sourcecode.swift; path = BackgroundLinearGradient.swift; sourceTree = "<group>"; };
		223523FC292700E2000126E1 /* UserView.swift */ = {isa = PBXFileReference; lastKnownFileType = sourcecode.swift; path = UserView.swift; sourceTree = "<group>"; };
		223523FE292700ED000126E1 /* ImpressumView.swift */ = {isa = PBXFileReference; lastKnownFileType = sourcecode.swift; path = ImpressumView.swift; sourceTree = "<group>"; };
		2239595A290452A600D5F38E /* UIImageTransformer.swift */ = {isa = PBXFileReference; lastKnownFileType = sourcecode.swift; path = UIImageTransformer.swift; sourceTree = "<group>"; };
		2239595E2907DDCD00D5F38E /* ContractListItem.swift */ = {isa = PBXFileReference; lastKnownFileType = sourcecode.swift; path = ContractListItem.swift; sourceTree = "<group>"; };
		223AD4D32912B59B009B5C1C /* ContractAdminister.swift */ = {isa = PBXFileReference; lastKnownFileType = sourcecode.swift; path = ContractAdminister.swift; sourceTree = "<group>"; };
		223AD52129157DF1009B5C1C /* ListItemContractArea.swift */ = {isa = PBXFileReference; lastKnownFileType = sourcecode.swift; path = ListItemContractArea.swift; sourceTree = "<group>"; };
		223AD5232917C67D009B5C1C /* CreateNewPerpetration.swift */ = {isa = PBXFileReference; lastKnownFileType = sourcecode.swift; path = CreateNewPerpetration.swift; sourceTree = "<group>"; };
		223AD5252917CBDA009B5C1C /* ToggleCheckboxStyle.swift */ = {isa = PBXFileReference; lastKnownFileType = sourcecode.swift; path = ToggleCheckboxStyle.swift; sourceTree = "<group>"; };
		223AD56D291845D3009B5C1C /* EditListItemContractArea.swift */ = {isa = PBXFileReference; lastKnownFileType = sourcecode.swift; path = EditListItemContractArea.swift; sourceTree = "<group>"; };
		223AD571291861AD009B5C1C /* FrequencyEstimationFieldGerman.swift */ = {isa = PBXFileReference; lastKnownFileType = sourcecode.swift; path = FrequencyEstimationFieldGerman.swift; sourceTree = "<group>"; };
		223AD5732918623C009B5C1C /* ExportPreviewPDFFFH.swift */ = {isa = PBXFileReference; lastKnownFileType = sourcecode.swift; path = ExportPreviewPDFFFH.swift; sourceTree = "<group>"; };
		223AD57529186339009B5C1C /* SpeciesCensusView.swift */ = {isa = PBXFileReference; lastKnownFileType = sourcecode.swift; path = SpeciesCensusView.swift; sourceTree = "<group>"; };
		223AD57729192815009B5C1C /* CounterViewModel.swift */ = {isa = PBXFileReference; lastKnownFileType = sourcecode.swift; path = CounterViewModel.swift; sourceTree = "<group>"; };
		223AD580291940D7009B5C1C /* AppStateDataModel.xcdatamodel */ = {isa = PBXFileReference; lastKnownFileType = wrapper.xcdatamodel; path = AppStateDataModel.xcdatamodel; sourceTree = "<group>"; };
		223AD5D629199C53009B5C1C /* PlantSpeciesItem+CoreDataClass.swift */ = {isa = PBXFileReference; lastKnownFileType = sourcecode.swift; path = "PlantSpeciesItem+CoreDataClass.swift"; sourceTree = "<group>"; };
		223AD5D729199C53009B5C1C /* PlantSpeciesItem+CoreDataProperties.swift */ = {isa = PBXFileReference; lastKnownFileType = sourcecode.swift; path = "PlantSpeciesItem+CoreDataProperties.swift"; sourceTree = "<group>"; };
		223AD5D829199C53009B5C1C /* ListEntry+CoreDataClass.swift */ = {isa = PBXFileReference; lastKnownFileType = sourcecode.swift; path = "ListEntry+CoreDataClass.swift"; sourceTree = "<group>"; };
		223AD5D929199C53009B5C1C /* ListEntry+CoreDataProperties.swift */ = {isa = PBXFileReference; lastKnownFileType = sourcecode.swift; path = "ListEntry+CoreDataProperties.swift"; sourceTree = "<group>"; };
		223AD5DA29199C53009B5C1C /* AppContract+CoreDataClass.swift */ = {isa = PBXFileReference; lastKnownFileType = sourcecode.swift; path = "AppContract+CoreDataClass.swift"; sourceTree = "<group>"; };
		223AD5DB29199C53009B5C1C /* AppContract+CoreDataProperties.swift */ = {isa = PBXFileReference; lastKnownFileType = sourcecode.swift; path = "AppContract+CoreDataProperties.swift"; sourceTree = "<group>"; };
		223AD5E22919C2E7009B5C1C /* PlantSpecies.swift */ = {isa = PBXFileReference; lastKnownFileType = sourcecode.swift; path = PlantSpecies.swift; sourceTree = "<group>"; };
		223AD5E42919C309009B5C1C /* PlantSpeciesDataModel.swift */ = {isa = PBXFileReference; lastKnownFileType = sourcecode.swift; path = PlantSpeciesDataModel.swift; sourceTree = "<group>"; };
		223BB34C29103C490064927A /* TextView.swift */ = {isa = PBXFileReference; lastKnownFileType = sourcecode.swift; path = TextView.swift; sourceTree = "<group>"; };
		223BB353291147380064927A /* WrappedTextView.swift */ = {isa = PBXFileReference; lastKnownFileType = sourcecode.swift; path = WrappedTextView.swift; sourceTree = "<group>"; };
		223BB35729116F9D0064927A /* SelectFilterView.swift */ = {isa = PBXFileReference; lastKnownFileType = sourcecode.swift; path = SelectFilterView.swift; sourceTree = "<group>"; };
		2244BDED294CBEFB00CF8062 /* DocumentPicker.swift */ = {isa = PBXFileReference; lastKnownFileType = sourcecode.swift; path = DocumentPicker.swift; sourceTree = "<group>"; };
		2244BDEF294CBF0600CF8062 /* DocumentPickerCoordinator.swift */ = {isa = PBXFileReference; lastKnownFileType = sourcecode.swift; path = DocumentPickerCoordinator.swift; sourceTree = "<group>"; };
		22455CF528FF03BC002876AD /* CreateNewContract.swift */ = {isa = PBXFileReference; lastKnownFileType = sourcecode.swift; path = CreateNewContract.swift; sourceTree = "<group>"; usesTabs = 0; };
		22455CF928FF27B5002876AD /* ManageContractView.swift */ = {isa = PBXFileReference; lastKnownFileType = sourcecode.swift; path = ManageContractView.swift; sourceTree = "<group>"; };
		22455D0A2900901C002876AD /* ImagePicker.swift */ = {isa = PBXFileReference; lastKnownFileType = sourcecode.swift; path = ImagePicker.swift; sourceTree = "<group>"; };
		22455D0C290094AE002876AD /* NewContractDataModel.swift */ = {isa = PBXFileReference; lastKnownFileType = sourcecode.swift; path = NewContractDataModel.swift; sourceTree = "<group>"; };
		22455D112900A869002876AD /* CoreDataManager.swift */ = {isa = PBXFileReference; lastKnownFileType = sourcecode.swift; path = CoreDataManager.swift; sourceTree = "<group>"; };
		224F45F828FD80E7004EA74F /* Landschaftserhaltungs.app */ = {isa = PBXFileReference; explicitFileType = wrapper.application; includeInIndex = 0; path = Landschaftserhaltungs.app; sourceTree = BUILT_PRODUCTS_DIR; };
		224F45FB28FD80E7004EA74F /* LandschaftserhaltungsApp.swift */ = {isa = PBXFileReference; lastKnownFileType = sourcecode.swift; path = LandschaftserhaltungsApp.swift; sourceTree = "<group>"; };
		224F45FD28FD80E7004EA74F /* OnboardingFlowView.swift */ = {isa = PBXFileReference; lastKnownFileType = sourcecode.swift; path = OnboardingFlowView.swift; sourceTree = "<group>"; };
		224F45FF28FD80E8004EA74F /* Assets.xcassets */ = {isa = PBXFileReference; lastKnownFileType = folder.assetcatalog; path = Assets.xcassets; sourceTree = "<group>"; };
		224F460228FD80E8004EA74F /* Preview Assets.xcassets */ = {isa = PBXFileReference; lastKnownFileType = folder.assetcatalog; path = "Preview Assets.xcassets"; sourceTree = "<group>"; };
		224F460828FD80E8004EA74F /* LandschaftserhaltungsTests.xctest */ = {isa = PBXFileReference; explicitFileType = wrapper.cfbundle; includeInIndex = 0; path = LandschaftserhaltungsTests.xctest; sourceTree = BUILT_PRODUCTS_DIR; };
		224F460C28FD80E8004EA74F /* LandschaftserhaltungsTests.swift */ = {isa = PBXFileReference; lastKnownFileType = sourcecode.swift; path = LandschaftserhaltungsTests.swift; sourceTree = "<group>"; };
		224F461228FD80E8004EA74F /* LandschaftserhaltungsUITests.xctest */ = {isa = PBXFileReference; explicitFileType = wrapper.cfbundle; includeInIndex = 0; path = LandschaftserhaltungsUITests.xctest; sourceTree = BUILT_PRODUCTS_DIR; };
		224F461628FD80E8004EA74F /* LandschaftserhaltungsUITests.swift */ = {isa = PBXFileReference; lastKnownFileType = sourcecode.swift; path = LandschaftserhaltungsUITests.swift; sourceTree = "<group>"; };
		224F461828FD80E8004EA74F /* LandschaftserhaltungsUITestsLaunchTests.swift */ = {isa = PBXFileReference; lastKnownFileType = sourcecode.swift; path = LandschaftserhaltungsUITestsLaunchTests.swift; sourceTree = "<group>"; };
		224F462728FDFC99004EA74F /* MainSideView.swift */ = {isa = PBXFileReference; lastKnownFileType = sourcecode.swift; path = MainSideView.swift; sourceTree = "<group>"; };
		224F462A28FE0167004EA74F /* WelcomeView.swift */ = {isa = PBXFileReference; lastKnownFileType = sourcecode.swift; path = WelcomeView.swift; sourceTree = "<group>"; };
		224F462C28FE06BB004EA74F /* FirstFeatureOverview.swift */ = {isa = PBXFileReference; lastKnownFileType = sourcecode.swift; path = FirstFeatureOverview.swift; sourceTree = "<group>"; };
		224F462E28FE06CD004EA74F /* SecondFeatureOverview.swift */ = {isa = PBXFileReference; lastKnownFileType = sourcecode.swift; path = SecondFeatureOverview.swift; sourceTree = "<group>"; };
		224F463028FE06E4004EA74F /* ThirdFeatureOverview.swift */ = {isa = PBXFileReference; lastKnownFileType = sourcecode.swift; path = ThirdFeatureOverview.swift; sourceTree = "<group>"; };
		224F463228FE07D8004EA74F /* DoneOverview.swift */ = {isa = PBXFileReference; lastKnownFileType = sourcecode.swift; path = DoneOverview.swift; sourceTree = "<group>"; };
		224F463428FE1443004EA74F /* AppState.swift */ = {isa = PBXFileReference; lastKnownFileType = sourcecode.swift; path = AppState.swift; sourceTree = "<group>"; };
		224F463728FE1BE2004EA74F /* extensions.swift */ = {isa = PBXFileReference; lastKnownFileType = sourcecode.swift; path = extensions.swift; sourceTree = "<group>"; };
		2252D320290868FF00568A1A /* EditContractView.swift */ = {isa = PBXFileReference; lastKnownFileType = sourcecode.swift; path = EditContractView.swift; sourceTree = "<group>"; };
		225561CF29252F6700C645F6 /* HeaderView.swift */ = {isa = PBXFileReference; lastKnownFileType = sourcecode.swift; path = HeaderView.swift; sourceTree = "<group>"; };
		225561D129252F8900C645F6 /* RowViewLongTerm.swift */ = {isa = PBXFileReference; lastKnownFileType = sourcecode.swift; path = RowViewLongTerm.swift; sourceTree = "<group>"; };
		225561D329252FC100C645F6 /* SectionIndexTitles.swift */ = {isa = PBXFileReference; lastKnownFileType = sourcecode.swift; path = SectionIndexTitles.swift; sourceTree = "<group>"; };
		225561D529252FEC00C645F6 /* SectionIndexTitle.swift */ = {isa = PBXFileReference; lastKnownFileType = sourcecode.swift; path = SectionIndexTitle.swift; sourceTree = "<group>"; };
		2259A2A32938C48E003212AC /* FrequencyEstimationFieldLatein.swift */ = {isa = PBXFileReference; lastKnownFileType = sourcecode.swift; path = FrequencyEstimationFieldLatein.swift; sourceTree = "<group>"; };
		225DFBA829311F4C005C7DEC /* PictureViewExport.swift */ = {isa = PBXFileReference; lastKnownFileType = sourcecode.swift; path = PictureViewExport.swift; sourceTree = "<group>"; };
		225DFBE72932356B005C7DEC /* PDFCreatorDiffrentBiotop.swift */ = {isa = PBXFileReference; lastKnownFileType = sourcecode.swift; path = PDFCreatorDiffrentBiotop.swift; sourceTree = "<group>"; };
		225DFBEC2932482F005C7DEC /* Info.plist */ = {isa = PBXFileReference; lastKnownFileType = text.plist; path = Info.plist; sourceTree = "<group>"; };
		225DFBED29338873005C7DEC /* PDFKitView.swift */ = {isa = PBXFileReference; lastKnownFileType = sourcecode.swift; path = PDFKitView.swift; sourceTree = "<group>"; };
		225DFBEF2933D80F005C7DEC /* PlantMatcher.swift */ = {isa = PBXFileReference; lastKnownFileType = sourcecode.swift; path = PlantMatcher.swift; sourceTree = "<group>"; };
		225DFBF12934E625005C7DEC /* PDFCreatorFFH.swift */ = {isa = PBXFileReference; lastKnownFileType = sourcecode.swift; path = PDFCreatorFFH.swift; sourceTree = "<group>"; };
		225DFC0E2936048B005C7DEC /* Landschaftserhaltungs-Bridging-Header.h */ = {isa = PBXFileReference; lastKnownFileType = sourcecode.c.h; path = "Landschaftserhaltungs-Bridging-Header.h"; sourceTree = "<group>"; };
		225DFC0F2936048C005C7DEC /* CHCSVParser.h */ = {isa = PBXFileReference; fileEncoding = 4; lastKnownFileType = sourcecode.c.h; path = CHCSVParser.h; sourceTree = "<group>"; };
		225DFC102936048D005C7DEC /* CHCSVParser.m */ = {isa = PBXFileReference; fileEncoding = 4; lastKnownFileType = sourcecode.c.objc; path = CHCSVParser.m; sourceTree = "<group>"; };
		225DFC1229360790005C7DEC /* CSVGenerator.swift */ = {isa = PBXFileReference; lastKnownFileType = sourcecode.swift; path = CSVGenerator.swift; sourceTree = "<group>"; };
		225DFC18293629A4005C7DEC /* CSVImport.swift */ = {isa = PBXFileReference; lastKnownFileType = sourcecode.swift; path = CSVImport.swift; sourceTree = "<group>"; };
		225DFC1A2936B715005C7DEC /* PlantListItem.swift */ = {isa = PBXFileReference; lastKnownFileType = sourcecode.swift; path = PlantListItem.swift; sourceTree = "<group>"; };
		226C67B329278F1F0049958A /* Profile+CoreDataClass.swift */ = {isa = PBXFileReference; lastKnownFileType = sourcecode.swift; path = "Profile+CoreDataClass.swift"; sourceTree = "<group>"; };
		226C67B429278F1F0049958A /* Profile+CoreDataProperties.swift */ = {isa = PBXFileReference; lastKnownFileType = sourcecode.swift; path = "Profile+CoreDataProperties.swift"; sourceTree = "<group>"; };
		226C67BB292BAAD70049958A /* ProfileDataModel.swift */ = {isa = PBXFileReference; lastKnownFileType = sourcecode.swift; path = ProfileDataModel.swift; sourceTree = "<group>"; };
		226C67BD292CCAB60049958A /* UserSettings.swift */ = {isa = PBXFileReference; lastKnownFileType = sourcecode.swift; path = UserSettings.swift; sourceTree = "<group>"; };
		226C67C0292D23940049958A /* InsertNewPlantView.swift */ = {isa = PBXFileReference; lastKnownFileType = sourcecode.swift; path = InsertNewPlantView.swift; sourceTree = "<group>"; };
		226C67C2292D65EE0049958A /* FFHWieseConclusion.swift */ = {isa = PBXFileReference; lastKnownFileType = sourcecode.swift; path = FFHWieseConclusion.swift; sourceTree = "<group>"; };
		226C67C7292D71340049958A /* ZoomableScrollView.swift */ = {isa = PBXFileReference; lastKnownFileType = sourcecode.swift; path = ZoomableScrollView.swift; sourceTree = "<group>"; };
		226C67C9292D715F0049958A /* FileManager.swift */ = {isa = PBXFileReference; lastKnownFileType = sourcecode.swift; path = FileManager.swift; sourceTree = "<group>"; };
		226C67CB292D71E50049958A /* ViewModel.swift */ = {isa = PBXFileReference; lastKnownFileType = sourcecode.swift; path = ViewModel.swift; sourceTree = "<group>"; };
		226C67CD292D74C30049958A /* PickerModel.swift */ = {isa = PBXFileReference; lastKnownFileType = sourcecode.swift; path = PickerModel.swift; sourceTree = "<group>"; };
		226C67CF292D76DC0049958A /* ImagePickerInformationSide.swift */ = {isa = PBXFileReference; lastKnownFileType = sourcecode.swift; path = ImagePickerInformationSide.swift; sourceTree = "<group>"; };
		226C67D1292E11810049958A /* PictureViewModel.swift */ = {isa = PBXFileReference; lastKnownFileType = sourcecode.swift; path = PictureViewModel.swift; sourceTree = "<group>"; };
		226C67D3292E11AA0049958A /* PartFieldItem.swift */ = {isa = PBXFileReference; lastKnownFileType = sourcecode.swift; path = PartFieldItem.swift; sourceTree = "<group>"; };
		226C67D5292E180F0049958A /* FieldInformation+CoreDataClass.swift */ = {isa = PBXFileReference; lastKnownFileType = sourcecode.swift; path = "FieldInformation+CoreDataClass.swift"; sourceTree = "<group>"; };
		226C67D6292E180F0049958A /* FieldInformation+CoreDataProperties.swift */ = {isa = PBXFileReference; lastKnownFileType = sourcecode.swift; path = "FieldInformation+CoreDataProperties.swift"; sourceTree = "<group>"; };
		226C67D7292E180F0049958A /* PicutreList+CoreDataClass.swift */ = {isa = PBXFileReference; lastKnownFileType = sourcecode.swift; path = "PicutreList+CoreDataClass.swift"; sourceTree = "<group>"; };
		226C67D8292E180F0049958A /* PicutreList+CoreDataProperties.swift */ = {isa = PBXFileReference; lastKnownFileType = sourcecode.swift; path = "PicutreList+CoreDataProperties.swift"; sourceTree = "<group>"; };
		226C67DF292E87180049958A /* RowViewShortTerm.swift */ = {isa = PBXFileReference; lastKnownFileType = sourcecode.swift; path = RowViewShortTerm.swift; sourceTree = "<group>"; };
		226C67E1292E95070049958A /* NavigationUtil.swift */ = {isa = PBXFileReference; lastKnownFileType = sourcecode.swift; path = NavigationUtil.swift; sourceTree = "<group>"; };
		226C67E3292ECCE40049958A /* ExportPreviewPDFOtherBiotop.swift */ = {isa = PBXFileReference; lastKnownFileType = sourcecode.swift; path = ExportPreviewPDFOtherBiotop.swift; sourceTree = "<group>"; };
		227FAAC3291E4BC700D747DA /* SearchBar.swift */ = {isa = PBXFileReference; lastKnownFileType = sourcecode.swift; path = SearchBar.swift; sourceTree = "<group>"; };
		227FAB32291ED81700D747DA /* CheckBoxView.swift */ = {isa = PBXFileReference; lastKnownFileType = sourcecode.swift; path = CheckBoxView.swift; sourceTree = "<group>"; };
		22A0AD99293A4984008D2EA7 /* SetFrequenceViewLongTerm.swift */ = {isa = PBXFileReference; lastKnownFileType = sourcecode.swift; path = SetFrequenceViewLongTerm.swift; sourceTree = "<group>"; };
		22A0AD9B293A49B7008D2EA7 /* SetFrequenceViewShortTerm.swift */ = {isa = PBXFileReference; lastKnownFileType = sourcecode.swift; path = SetFrequenceViewShortTerm.swift; sourceTree = "<group>"; };
		22A108782919C8A50071FF3A /* SheetSelectPlantsShortTerm.swift */ = {isa = PBXFileReference; lastKnownFileType = sourcecode.swift; path = SheetSelectPlantsShortTerm.swift; sourceTree = "<group>"; };
		22A1087A2919CDCC0071FF3A /* TimerView.swift */ = {isa = PBXFileReference; lastKnownFileType = sourcecode.swift; path = TimerView.swift; sourceTree = "<group>"; };
		22A1087C2919CFF80071FF3A /* CheckListItem.swift */ = {isa = PBXFileReference; lastKnownFileType = sourcecode.swift; path = CheckListItem.swift; sourceTree = "<group>"; };
		22A10880291BF66A0071FF3A /* PlantSpeciesLongTermItem+CoreDataClass.swift */ = {isa = PBXFileReference; lastKnownFileType = sourcecode.swift; path = "PlantSpeciesLongTermItem+CoreDataClass.swift"; sourceTree = "<group>"; };
		22A10881291BF66A0071FF3A /* PlantSpeciesLongTermItem+CoreDataProperties.swift */ = {isa = PBXFileReference; lastKnownFileType = sourcecode.swift; path = "PlantSpeciesLongTermItem+CoreDataProperties.swift"; sourceTree = "<group>"; };
		22A10884291C0C2A0071FF3A /* SheetSelectPlantsLongTerm.swift */ = {isa = PBXFileReference; lastKnownFileType = sourcecode.swift; path = SheetSelectPlantsLongTerm.swift; sourceTree = "<group>"; };
		22A10888291C1C260071FF3A /* InformationFFHWiese.swift */ = {isa = PBXFileReference; lastKnownFileType = sourcecode.swift; path = InformationFFHWiese.swift; sourceTree = "<group>"; };
		22A1088A291C1CE50071FF3A /* InformationAnderesBiotop.swift */ = {isa = PBXFileReference; lastKnownFileType = sourcecode.swift; path = InformationAnderesBiotop.swift; sourceTree = "<group>"; };
		329D8FE9293FC67A00DA0010 /* CollabsableWheelPicker.swift */ = {isa = PBXFileReference; lastKnownFileType = sourcecode.swift; path = CollabsableWheelPicker.swift; sourceTree = "<group>"; };
		BFEFB780293CDBBB00266853 /* FourthFeatureOverview.swift */ = {isa = PBXFileReference; lastKnownFileType = sourcecode.swift; path = FourthFeatureOverview.swift; sourceTree = "<group>"; };
		BFEFB782293CDDDD00266853 /* ReOnboradingFeatureOverview.swift */ = {isa = PBXFileReference; lastKnownFileType = sourcecode.swift; path = ReOnboradingFeatureOverview.swift; sourceTree = "<group>"; };
		BFEFB784293CDF1100266853 /* FifthFeatureOverview.swift */ = {isa = PBXFileReference; lastKnownFileType = sourcecode.swift; path = FifthFeatureOverview.swift; sourceTree = "<group>"; };
		BFEFB786293CDF3200266853 /* SixthFeatureOverview.swift */ = {isa = PBXFileReference; lastKnownFileType = sourcecode.swift; path = SixthFeatureOverview.swift; sourceTree = "<group>"; };
		BFEFB788293CE3DA00266853 /* SeventhFeatureOverview.swift */ = {isa = PBXFileReference; lastKnownFileType = sourcecode.swift; path = SeventhFeatureOverview.swift; sourceTree = "<group>"; };
		BFEFB78A293CE40200266853 /* EighthFeatureOverview.swift */ = {isa = PBXFileReference; lastKnownFileType = sourcecode.swift; path = EighthFeatureOverview.swift; sourceTree = "<group>"; };
		BFEFB78C293CE6D300266853 /* NinethFeatureOverview.swift */ = {isa = PBXFileReference; lastKnownFileType = sourcecode.swift; path = NinethFeatureOverview.swift; sourceTree = "<group>"; };
		BFEFB78E293CE76700266853 /* TenthFeatureOverview.swift */ = {isa = PBXFileReference; lastKnownFileType = sourcecode.swift; path = TenthFeatureOverview.swift; sourceTree = "<group>"; };
		BFF0BB5429509CCC00E42179 /* WelcomeAndGenerateFolder.swift */ = {isa = PBXFileReference; lastKnownFileType = sourcecode.swift; path = WelcomeAndGenerateFolder.swift; sourceTree = "<group>"; };
		BFF0BB562950A62400E42179 /* CustomiseProfile.swift */ = {isa = PBXFileReference; lastKnownFileType = sourcecode.swift; path = CustomiseProfile.swift; sourceTree = "<group>"; };
		BFF0BB582950A71200E42179 /* NewContract.swift */ = {isa = PBXFileReference; lastKnownFileType = sourcecode.swift; path = NewContract.swift; sourceTree = "<group>"; };
		BFF0BB5A2950A7BF00E42179 /* ManageContract.swift */ = {isa = PBXFileReference; lastKnownFileType = sourcecode.swift; path = ManageContract.swift; sourceTree = "<group>"; };
		BFF0BB5C2950A88B00E42179 /* ContractOverview.swift */ = {isa = PBXFileReference; lastKnownFileType = sourcecode.swift; path = ContractOverview.swift; sourceTree = "<group>"; };
		BFF0BB5E2950A97500E42179 /* RepeatOnboarding.swift */ = {isa = PBXFileReference; lastKnownFileType = sourcecode.swift; path = RepeatOnboarding.swift; sourceTree = "<group>"; };
/* End PBXFileReference section */

/* Begin PBXFrameworksBuildPhase section */
		224F45F528FD80E7004EA74F /* Frameworks */ = {
			isa = PBXFrameworksBuildPhase;
			buildActionMask = 2147483647;
			files = (
				225DFBEB29323F59005C7DEC /* TPPDF in Frameworks */,
				225DFBFE29350108005C7DEC /* CSV in Frameworks */,
				225DFC0D2935575A005C7DEC /* CSVKit in Frameworks */,
			);
			runOnlyForDeploymentPostprocessing = 0;
		};
		224F460528FD80E8004EA74F /* Frameworks */ = {
			isa = PBXFrameworksBuildPhase;
			buildActionMask = 2147483647;
			files = (
			);
			runOnlyForDeploymentPostprocessing = 0;
		};
		224F460F28FD80E8004EA74F /* Frameworks */ = {
			isa = PBXFrameworksBuildPhase;
			buildActionMask = 2147483647;
			files = (
			);
			runOnlyForDeploymentPostprocessing = 0;
		};
/* End PBXFrameworksBuildPhase section */

/* Begin PBXGroup section */
		223523FB2927005F000126E1 /* MainView */ = {
			isa = PBXGroup;
			children = (
				226C67BF292D22370049958A /* UserView */,
				2252D320290868FF00568A1A /* EditContractView.swift */,
				224F462728FDFC99004EA74F /* MainSideView.swift */,
				223523FE292700ED000126E1 /* ImpressumView.swift */,
			);
			path = MainView;
			sourceTree = "<group>";
		};
		223524002927011B000126E1 /* NewContract */ = {
			isa = PBXGroup;
			children = (
				22455CF528FF03BC002876AD /* CreateNewContract.swift */,
				223AD4D32912B59B009B5C1C /* ContractAdminister.swift */,
				329D8FE9293FC67A00DA0010 /* CollabsableWheelPicker.swift */,
			);
			path = NewContract;
			sourceTree = "<group>";
		};
		223524012927041B000126E1 /* HelpView */ = {
			isa = PBXGroup;
			children = (
				227FAAC3291E4BC700D747DA /* SearchBar.swift */,
				227FAB32291ED81700D747DA /* CheckBoxView.swift */,
				221AC67C290D150B00993F52 /* BackgroundLinearGradient.swift */,
				223AD52129157DF1009B5C1C /* ListItemContractArea.swift */,
				223AD5232917C67D009B5C1C /* CreateNewPerpetration.swift */,
				223BB353291147380064927A /* WrappedTextView.swift */,
				22A1087A2919CDCC0071FF3A /* TimerView.swift */,
				22A1087C2919CFF80071FF3A /* CheckListItem.swift */,
				223AD57729192815009B5C1C /* CounterViewModel.swift */,
				2239595E2907DDCD00D5F38E /* ContractListItem.swift */,
				223BB34C29103C490064927A /* TextView.swift */,
				223BB35729116F9D0064927A /* SelectFilterView.swift */,
				223AD5252917CBDA009B5C1C /* ToggleCheckboxStyle.swift */,
				226C67D3292E11AA0049958A /* PartFieldItem.swift */,
			);
			path = HelpView;
			sourceTree = "<group>";
		};
		2235240229270541000126E1 /* CountingViews */ = {
			isa = PBXGroup;
			children = (
				22352404292705FD000126E1 /* InformationView */,
				223AD57529186339009B5C1C /* SpeciesCensusView.swift */,
				22A10888291C1C260071FF3A /* InformationFFHWiese.swift */,
				22A1088A291C1CE50071FF3A /* InformationAnderesBiotop.swift */,
				226C67C2292D65EE0049958A /* FFHWieseConclusion.swift */,
			);
			path = CountingViews;
			sourceTree = "<group>";
		};
		22352403292705A5000126E1 /* ContractManagement */ = {
			isa = PBXGroup;
			children = (
				225DFBED29338873005C7DEC /* PDFKitView.swift */,
				22455CF928FF27B5002876AD /* ManageContractView.swift */,
				223AD571291861AD009B5C1C /* FrequencyEstimationFieldGerman.swift */,
				2259A2A32938C48E003212AC /* FrequencyEstimationFieldLatein.swift */,
				223AD5732918623C009B5C1C /* ExportPreviewPDFFFH.swift */,
				226C67E3292ECCE40049958A /* ExportPreviewPDFOtherBiotop.swift */,
				223AD56D291845D3009B5C1C /* EditListItemContractArea.swift */,
				22A0AD99293A4984008D2EA7 /* SetFrequenceViewLongTerm.swift */,
				22A0AD9B293A49B7008D2EA7 /* SetFrequenceViewShortTerm.swift */,
				223524012927041B000126E1 /* HelpView */,
				225DFBA829311F4C005C7DEC /* PictureViewExport.swift */,
				2235240229270541000126E1 /* CountingViews */,
			);
			path = ContractManagement;
			sourceTree = "<group>";
		};
		22352404292705FD000126E1 /* InformationView */ = {
			isa = PBXGroup;
			children = (
				225561CE29252F4100C645F6 /* SelectPlants */,
			);
			path = InformationView;
			sourceTree = "<group>";
		};
		2235240529270632000126E1 /* DataBase */ = {
			isa = PBXGroup;
			children = (
				226C67D5292E180F0049958A /* FieldInformation+CoreDataClass.swift */,
				226C67D6292E180F0049958A /* FieldInformation+CoreDataProperties.swift */,
				226C67D7292E180F0049958A /* PicutreList+CoreDataClass.swift */,
				226C67D8292E180F0049958A /* PicutreList+CoreDataProperties.swift */,
				226C67BD292CCAB60049958A /* UserSettings.swift */,
				226C67B329278F1F0049958A /* Profile+CoreDataClass.swift */,
				226C67B429278F1F0049958A /* Profile+CoreDataProperties.swift */,
				22A10880291BF66A0071FF3A /* PlantSpeciesLongTermItem+CoreDataClass.swift */,
				22A10881291BF66A0071FF3A /* PlantSpeciesLongTermItem+CoreDataProperties.swift */,
				223AD5D629199C53009B5C1C /* PlantSpeciesItem+CoreDataClass.swift */,
				223AD5D729199C53009B5C1C /* PlantSpeciesItem+CoreDataProperties.swift */,
				223AD5D829199C53009B5C1C /* ListEntry+CoreDataClass.swift */,
				223AD5D929199C53009B5C1C /* ListEntry+CoreDataProperties.swift */,
				223AD5DA29199C53009B5C1C /* AppContract+CoreDataClass.swift */,
				223AD5DB29199C53009B5C1C /* AppContract+CoreDataProperties.swift */,
				223AD57F291940D7009B5C1C /* AppStateDataModel.xcdatamodeld */,
				22455D112900A869002876AD /* CoreDataManager.swift */,
				221AC67A290C3A2700993F52 /* DataHandler.swift */,
			);
			path = DataBase;
			sourceTree = "<group>";
		};
		2235240629270666000126E1 /* DataModels */ = {
			isa = PBXGroup;
			children = (
				22455D0C290094AE002876AD /* NewContractDataModel.swift */,
				223AD5E42919C309009B5C1C /* PlantSpeciesDataModel.swift */,
				224F463428FE1443004EA74F /* AppState.swift */,
				226C67BB292BAAD70049958A /* ProfileDataModel.swift */,
			);
			path = DataModels;
			sourceTree = "<group>";
		};
		22352407292706A4000126E1 /* Helper */ = {
			isa = PBXGroup;
			children = (
				2239595A290452A600D5F38E /* UIImageTransformer.swift */,
				22455D0A2900901C002876AD /* ImagePicker.swift */,
				223AD5E22919C2E7009B5C1C /* PlantSpecies.swift */,
				226C67CF292D76DC0049958A /* ImagePickerInformationSide.swift */,
				226C67E1292E95070049958A /* NavigationUtil.swift */,
				225DFBEF2933D80F005C7DEC /* PlantMatcher.swift */,
				2244BDED294CBEFB00CF8062 /* DocumentPicker.swift */,
				2244BDEF294CBF0600CF8062 /* DocumentPickerCoordinator.swift */,
			);
			path = Helper;
			sourceTree = "<group>";
		};
		224F45EF28FD80E7004EA74F = {
			isa = PBXGroup;
			children = (
				224F45FA28FD80E7004EA74F /* Landschaftserhaltungs */,
				224F460B28FD80E8004EA74F /* LandschaftserhaltungsTests */,
				224F461528FD80E8004EA74F /* LandschaftserhaltungsUITests */,
				224F45F928FD80E7004EA74F /* Products */,
			);
			sourceTree = "<group>";
		};
		224F45F928FD80E7004EA74F /* Products */ = {
			isa = PBXGroup;
			children = (
				224F45F828FD80E7004EA74F /* Landschaftserhaltungs.app */,
				224F460828FD80E8004EA74F /* LandschaftserhaltungsTests.xctest */,
				224F461228FD80E8004EA74F /* LandschaftserhaltungsUITests.xctest */,
			);
			name = Products;
			sourceTree = "<group>";
		};
		224F45FA28FD80E7004EA74F /* Landschaftserhaltungs */ = {
			isa = PBXGroup;
			children = (
				225DFBEC2932482F005C7DEC /* Info.plist */,
				224F460128FD80E8004EA74F /* Preview Content */,
				224F463628FE1BD1004EA74F /* extensions */,
				224F462628FD855D004EA74F /* BackEnd */,
				224F45FB28FD80E7004EA74F /* LandschaftserhaltungsApp.swift */,
				224F462528FD8555004EA74F /* FrontEnd */,
			);
			path = Landschaftserhaltungs;
			sourceTree = "<group>";
		};
		224F460128FD80E8004EA74F /* Preview Content */ = {
			isa = PBXGroup;
			children = (
				224F460228FD80E8004EA74F /* Preview Assets.xcassets */,
			);
			path = "Preview Content";
			sourceTree = "<group>";
		};
		224F460B28FD80E8004EA74F /* LandschaftserhaltungsTests */ = {
			isa = PBXGroup;
			children = (
				224F460C28FD80E8004EA74F /* LandschaftserhaltungsTests.swift */,
			);
			path = LandschaftserhaltungsTests;
			sourceTree = "<group>";
		};
		224F461528FD80E8004EA74F /* LandschaftserhaltungsUITests */ = {
			isa = PBXGroup;
			children = (
				224F461628FD80E8004EA74F /* LandschaftserhaltungsUITests.swift */,
				224F461828FD80E8004EA74F /* LandschaftserhaltungsUITestsLaunchTests.swift */,
			);
			path = LandschaftserhaltungsUITests;
			sourceTree = "<group>";
		};
		224F462528FD8555004EA74F /* FrontEnd */ = {
			isa = PBXGroup;
			children = (
				226C67C6292D70A80049958A /* UIViewReprensentables */,
				226C67C5292D708E0049958A /* Model */,
				226C67C4292D70800049958A /* ViewModels */,
				22352403292705A5000126E1 /* ContractManagement */,
				223524002927011B000126E1 /* NewContract */,
				223523FB2927005F000126E1 /* MainView */,
				224F45FF28FD80E8004EA74F /* Assets.xcassets */,
				224F462928FE014B004EA74F /* Onboarding */,
			);
			path = FrontEnd;
			sourceTree = "<group>";
		};
		224F462628FD855D004EA74F /* BackEnd */ = {
			isa = PBXGroup;
			children = (
				225DFBF52934ED95005C7DEC /* CSV */,
				225DFBAC2931F0E7005C7DEC /* PDF */,
				22352407292706A4000126E1 /* Helper */,
				2235240629270666000126E1 /* DataModels */,
				2235240529270632000126E1 /* DataBase */,
			);
			path = BackEnd;
			sourceTree = "<group>";
		};
		224F462928FE014B004EA74F /* Onboarding */ = {
			isa = PBXGroup;
			children = (
				224F45FD28FD80E7004EA74F /* OnboardingFlowView.swift */,
				BFF0BB5429509CCC00E42179 /* WelcomeAndGenerateFolder.swift */,
				BFF0BB562950A62400E42179 /* CustomiseProfile.swift */,
				BFF0BB582950A71200E42179 /* NewContract.swift */,
				BFF0BB5A2950A7BF00E42179 /* ManageContract.swift */,
				BFF0BB5C2950A88B00E42179 /* ContractOverview.swift */,
				BFF0BB5E2950A97500E42179 /* RepeatOnboarding.swift */,
				224F462A28FE0167004EA74F /* WelcomeView.swift */,
				224F462C28FE06BB004EA74F /* FirstFeatureOverview.swift */,
				224F462E28FE06CD004EA74F /* SecondFeatureOverview.swift */,
				224F463028FE06E4004EA74F /* ThirdFeatureOverview.swift */,
				BFEFB780293CDBBB00266853 /* FourthFeatureOverview.swift */,
				BFEFB784293CDF1100266853 /* FifthFeatureOverview.swift */,
				BFEFB786293CDF3200266853 /* SixthFeatureOverview.swift */,
				BFEFB788293CE3DA00266853 /* SeventhFeatureOverview.swift */,
				BFEFB78A293CE40200266853 /* EighthFeatureOverview.swift */,
				BFEFB78C293CE6D300266853 /* NinethFeatureOverview.swift */,
				BFEFB78E293CE76700266853 /* TenthFeatureOverview.swift */,
				BFEFB782293CDDDD00266853 /* ReOnboradingFeatureOverview.swift */,
				224F463228FE07D8004EA74F /* DoneOverview.swift */,
			);
			path = Onboarding;
			sourceTree = "<group>";
		};
		224F463628FE1BD1004EA74F /* extensions */ = {
			isa = PBXGroup;
			children = (
				224F463728FE1BE2004EA74F /* extensions.swift */,
				226C67C9292D715F0049958A /* FileManager.swift */,
			);
			path = extensions;
			sourceTree = "<group>";
		};
		225561CE29252F4100C645F6 /* SelectPlants */ = {
			isa = PBXGroup;
			children = (
				22A108782919C8A50071FF3A /* SheetSelectPlantsShortTerm.swift */,
				22A10884291C0C2A0071FF3A /* SheetSelectPlantsLongTerm.swift */,
				225561CF29252F6700C645F6 /* HeaderView.swift */,
				225561D129252F8900C645F6 /* RowViewLongTerm.swift */,
				225561D329252FC100C645F6 /* SectionIndexTitles.swift */,
				225561D529252FEC00C645F6 /* SectionIndexTitle.swift */,
				226C67DF292E87180049958A /* RowViewShortTerm.swift */,
			);
			path = SelectPlants;
			sourceTree = "<group>";
		};
		225DFBAC2931F0E7005C7DEC /* PDF */ = {
			isa = PBXGroup;
			children = (
				225DFBE72932356B005C7DEC /* PDFCreatorDiffrentBiotop.swift */,
				225DFBF12934E625005C7DEC /* PDFCreatorFFH.swift */,
			);
			path = PDF;
			sourceTree = "<group>";
		};
		225DFBF52934ED95005C7DEC /* CSV */ = {
			isa = PBXGroup;
			children = (
				225DFC1729362980005C7DEC /* Import */,
				225DFC1629362974005C7DEC /* Export */,
				225DFC0F2936048C005C7DEC /* CHCSVParser.h */,
				225DFC102936048D005C7DEC /* CHCSVParser.m */,
				225DFC0E2936048B005C7DEC /* Landschaftserhaltungs-Bridging-Header.h */,
			);
			path = CSV;
			sourceTree = "<group>";
		};
		225DFC1629362974005C7DEC /* Export */ = {
			isa = PBXGroup;
			children = (
				225DFC1229360790005C7DEC /* CSVGenerator.swift */,
			);
			path = Export;
			sourceTree = "<group>";
		};
		225DFC1729362980005C7DEC /* Import */ = {
			isa = PBXGroup;
			children = (
				225DFC18293629A4005C7DEC /* CSVImport.swift */,
				225DFC1A2936B715005C7DEC /* PlantListItem.swift */,
			);
			path = Import;
			sourceTree = "<group>";
		};
		226C67BF292D22370049958A /* UserView */ = {
			isa = PBXGroup;
			children = (
				223523FC292700E2000126E1 /* UserView.swift */,
				226C67C0292D23940049958A /* InsertNewPlantView.swift */,
			);
			path = UserView;
			sourceTree = "<group>";
		};
		226C67C4292D70800049958A /* ViewModels */ = {
			isa = PBXGroup;
			children = (
				226C67CB292D71E50049958A /* ViewModel.swift */,
				226C67D1292E11810049958A /* PictureViewModel.swift */,
			);
			path = ViewModels;
			sourceTree = "<group>";
		};
		226C67C5292D708E0049958A /* Model */ = {
			isa = PBXGroup;
			children = (
				226C67CD292D74C30049958A /* PickerModel.swift */,
			);
			path = Model;
			sourceTree = "<group>";
		};
		226C67C6292D70A80049958A /* UIViewReprensentables */ = {
			isa = PBXGroup;
			children = (
				226C67C7292D71340049958A /* ZoomableScrollView.swift */,
			);
			path = UIViewReprensentables;
			sourceTree = "<group>";
		};
/* End PBXGroup section */

/* Begin PBXNativeTarget section */
		224F45F728FD80E7004EA74F /* Landschaftserhaltungs */ = {
			isa = PBXNativeTarget;
			buildConfigurationList = 224F461C28FD80E8004EA74F /* Build configuration list for PBXNativeTarget "Landschaftserhaltungs" */;
			buildPhases = (
				224F45F428FD80E7004EA74F /* Sources */,
				224F45F528FD80E7004EA74F /* Frameworks */,
				224F45F628FD80E7004EA74F /* Resources */,
			);
			buildRules = (
			);
			dependencies = (
			);
			name = Landschaftserhaltungs;
			packageProductDependencies = (
				225DFBEA29323F59005C7DEC /* TPPDF */,
				225DFBFD29350108005C7DEC /* CSV */,
				225DFC0C2935575A005C7DEC /* CSVKit */,
			);
			productName = Landschaftserhaltungs;
			productReference = 224F45F828FD80E7004EA74F /* Landschaftserhaltungs.app */;
			productType = "com.apple.product-type.application";
		};
		224F460728FD80E8004EA74F /* LandschaftserhaltungsTests */ = {
			isa = PBXNativeTarget;
			buildConfigurationList = 224F461F28FD80E8004EA74F /* Build configuration list for PBXNativeTarget "LandschaftserhaltungsTests" */;
			buildPhases = (
				224F460428FD80E8004EA74F /* Sources */,
				224F460528FD80E8004EA74F /* Frameworks */,
				224F460628FD80E8004EA74F /* Resources */,
			);
			buildRules = (
			);
			dependencies = (
				224F460A28FD80E8004EA74F /* PBXTargetDependency */,
			);
			name = LandschaftserhaltungsTests;
			productName = LandschaftserhaltungsTests;
			productReference = 224F460828FD80E8004EA74F /* LandschaftserhaltungsTests.xctest */;
			productType = "com.apple.product-type.bundle.unit-test";
		};
		224F461128FD80E8004EA74F /* LandschaftserhaltungsUITests */ = {
			isa = PBXNativeTarget;
			buildConfigurationList = 224F462228FD80E8004EA74F /* Build configuration list for PBXNativeTarget "LandschaftserhaltungsUITests" */;
			buildPhases = (
				224F460E28FD80E8004EA74F /* Sources */,
				224F460F28FD80E8004EA74F /* Frameworks */,
				224F461028FD80E8004EA74F /* Resources */,
			);
			buildRules = (
			);
			dependencies = (
				224F461428FD80E8004EA74F /* PBXTargetDependency */,
			);
			name = LandschaftserhaltungsUITests;
			productName = LandschaftserhaltungsUITests;
			productReference = 224F461228FD80E8004EA74F /* LandschaftserhaltungsUITests.xctest */;
			productType = "com.apple.product-type.bundle.ui-testing";
		};
/* End PBXNativeTarget section */

/* Begin PBXProject section */
		224F45F028FD80E7004EA74F /* Project object */ = {
			isa = PBXProject;
			attributes = {
				BuildIndependentTargetsInParallel = 1;
				LastSwiftUpdateCheck = 1400;
				LastUpgradeCheck = 1400;
				TargetAttributes = {
					224F45F728FD80E7004EA74F = {
						CreatedOnToolsVersion = 14.0.1;
						LastSwiftMigration = 1410;
					};
					224F460728FD80E8004EA74F = {
						CreatedOnToolsVersion = 14.0.1;
						TestTargetID = 224F45F728FD80E7004EA74F;
					};
					224F461128FD80E8004EA74F = {
						CreatedOnToolsVersion = 14.0.1;
						TestTargetID = 224F45F728FD80E7004EA74F;
					};
				};
			};
			buildConfigurationList = 224F45F328FD80E7004EA74F /* Build configuration list for PBXProject "Landschaftserhaltungs" */;
			compatibilityVersion = "Xcode 14.0";
			developmentRegion = en;
			hasScannedForEncodings = 0;
			knownRegions = (
				en,
				Base,
			);
			mainGroup = 224F45EF28FD80E7004EA74F;
			packageReferences = (
				22455CFB29007AF3002876AD /* XCRemoteSwiftPackageReference "SwiftLocation" */,
				223BB350291144BE0064927A /* XCRemoteSwiftPackageReference "TextView" */,
				225DFBE929323F59005C7DEC /* XCRemoteSwiftPackageReference "TPPDF" */,
				225DFBFC29350108005C7DEC /* XCRemoteSwiftPackageReference "CSV" */,
				225DFC0B2935575A005C7DEC /* XCRemoteSwiftPackageReference "csvkit" */,
			);
			productRefGroup = 224F45F928FD80E7004EA74F /* Products */;
			projectDirPath = "";
			projectRoot = "";
			targets = (
				224F45F728FD80E7004EA74F /* Landschaftserhaltungs */,
				224F460728FD80E8004EA74F /* LandschaftserhaltungsTests */,
				224F461128FD80E8004EA74F /* LandschaftserhaltungsUITests */,
			);
		};
/* End PBXProject section */

/* Begin PBXResourcesBuildPhase section */
		224F45F628FD80E7004EA74F /* Resources */ = {
			isa = PBXResourcesBuildPhase;
			buildActionMask = 2147483647;
			files = (
				224F460328FD80E8004EA74F /* Preview Assets.xcassets in Resources */,
				224F460028FD80E8004EA74F /* Assets.xcassets in Resources */,
			);
			runOnlyForDeploymentPostprocessing = 0;
		};
		224F460628FD80E8004EA74F /* Resources */ = {
			isa = PBXResourcesBuildPhase;
			buildActionMask = 2147483647;
			files = (
			);
			runOnlyForDeploymentPostprocessing = 0;
		};
		224F461028FD80E8004EA74F /* Resources */ = {
			isa = PBXResourcesBuildPhase;
			buildActionMask = 2147483647;
			files = (
			);
			runOnlyForDeploymentPostprocessing = 0;
		};
/* End PBXResourcesBuildPhase section */

/* Begin PBXSourcesBuildPhase section */
		224F45F428FD80E7004EA74F /* Sources */ = {
			isa = PBXSourcesBuildPhase;
			buildActionMask = 2147483647;
			files = (
				BFEFB781293CDBBB00266853 /* FourthFeatureOverview.swift in Sources */,
				22A1087B2919CDCC0071FF3A /* TimerView.swift in Sources */,
				226C67CE292D74C30049958A /* PickerModel.swift in Sources */,
				223AD5742918623C009B5C1C /* ExportPreviewPDFFFH.swift in Sources */,
				22455CF628FF03BC002876AD /* CreateNewContract.swift in Sources */,
				223AD52229157DF1009B5C1C /* ListItemContractArea.swift in Sources */,
				224F463128FE06E4004EA74F /* ThirdFeatureOverview.swift in Sources */,
				221AC67B290C3A2800993F52 /* DataHandler.swift in Sources */,
				22A1087D2919CFF80071FF3A /* CheckListItem.swift in Sources */,
				226C67D4292E11AA0049958A /* PartFieldItem.swift in Sources */,
				22455D0B2900901C002876AD /* ImagePicker.swift in Sources */,
				22A10885291C0C2A0071FF3A /* SheetSelectPlantsLongTerm.swift in Sources */,
				223BB35829116F9D0064927A /* SelectFilterView.swift in Sources */,
				225DFBA929311F4C005C7DEC /* PictureViewExport.swift in Sources */,
				223AD5DE29199C53009B5C1C /* ListEntry+CoreDataClass.swift in Sources */,
				22455CFA28FF27B5002876AD /* ManageContractView.swift in Sources */,
				227FAB33291ED81700D747DA /* CheckBoxView.swift in Sources */,
				225DFC1B2936B715005C7DEC /* PlantListItem.swift in Sources */,
				329D8FEA293FC67A00DA0010 /* CollabsableWheelPicker.swift in Sources */,
				226C67E2292E95070049958A /* NavigationUtil.swift in Sources */,
				BFEFB789293CE3DA00266853 /* SeventhFeatureOverview.swift in Sources */,
				224F45FE28FD80E7004EA74F /* OnboardingFlowView.swift in Sources */,
				225561D629252FEC00C645F6 /* SectionIndexTitle.swift in Sources */,
				BFEFB78F293CE76700266853 /* TenthFeatureOverview.swift in Sources */,
				226C67BC292BAAD70049958A /* ProfileDataModel.swift in Sources */,
				BFF0BB5F2950A97500E42179 /* RepeatOnboarding.swift in Sources */,
				2239595F2907DDCD00D5F38E /* ContractListItem.swift in Sources */,
				22A0AD9A293A4984008D2EA7 /* SetFrequenceViewLongTerm.swift in Sources */,
				223BB34D29103C490064927A /* TextView.swift in Sources */,
				2244BDEE294CBEFB00CF8062 /* DocumentPicker.swift in Sources */,
				BFEFB785293CDF1100266853 /* FifthFeatureOverview.swift in Sources */,
				22A0AD9C293A49B7008D2EA7 /* SetFrequenceViewShortTerm.swift in Sources */,
				223523FF292700ED000126E1 /* ImpressumView.swift in Sources */,
				226C67D9292E180F0049958A /* FieldInformation+CoreDataClass.swift in Sources */,
				225DFBF22934E625005C7DEC /* PDFCreatorFFH.swift in Sources */,
				22455D122900A869002876AD /* CoreDataManager.swift in Sources */,
				226C67C8292D71340049958A /* ZoomableScrollView.swift in Sources */,
				223AD57629186339009B5C1C /* SpeciesCensusView.swift in Sources */,
				22A10889291C1C260071FF3A /* InformationFFHWiese.swift in Sources */,
				224F463328FE07D8004EA74F /* DoneOverview.swift in Sources */,
				226C67B629278F1F0049958A /* Profile+CoreDataProperties.swift in Sources */,
				223AD5E32919C2E7009B5C1C /* PlantSpecies.swift in Sources */,
				225DFC19293629A4005C7DEC /* CSVImport.swift in Sources */,
				22A108792919C8A50071FF3A /* SheetSelectPlantsShortTerm.swift in Sources */,
				226C67DC292E180F0049958A /* PicutreList+CoreDataProperties.swift in Sources */,
				223AD581291940D7009B5C1C /* AppStateDataModel.xcdatamodeld in Sources */,
				2244BDF0294CBF0600CF8062 /* DocumentPickerCoordinator.swift in Sources */,
				221AC67D290D150B00993F52 /* BackgroundLinearGradient.swift in Sources */,
				223AD57829192815009B5C1C /* CounterViewModel.swift in Sources */,
				225DFBF02933D80F005C7DEC /* PlantMatcher.swift in Sources */,
				223AD5E52919C309009B5C1C /* PlantSpeciesDataModel.swift in Sources */,
				22A1088B291C1CE50071FF3A /* InformationAnderesBiotop.swift in Sources */,
				BFF0BB5D2950A88B00E42179 /* ContractOverview.swift in Sources */,
				226C67B529278F1F0049958A /* Profile+CoreDataClass.swift in Sources */,
				223AD5242917C67D009B5C1C /* CreateNewPerpetration.swift in Sources */,
				226C67C3292D65EE0049958A /* FFHWieseConclusion.swift in Sources */,
				226C67CC292D71E50049958A /* ViewModel.swift in Sources */,
				BFF0BB592950A71200E42179 /* NewContract.swift in Sources */,
				223AD5262917CBDA009B5C1C /* ToggleCheckboxStyle.swift in Sources */,
				223AD5E029199C53009B5C1C /* AppContract+CoreDataClass.swift in Sources */,
				224F463528FE1443004EA74F /* AppState.swift in Sources */,
				BFF0BB5B2950A7BF00E42179 /* ManageContract.swift in Sources */,
				2259A2A42938C48E003212AC /* FrequencyEstimationFieldLatein.swift in Sources */,
				226C67D2292E11810049958A /* PictureViewModel.swift in Sources */,
				22A10882291BF66A0071FF3A /* PlantSpeciesLongTermItem+CoreDataClass.swift in Sources */,
				BFEFB783293CDDDD00266853 /* ReOnboradingFeatureOverview.swift in Sources */,
				22455D0D290094AE002876AD /* NewContractDataModel.swift in Sources */,
				224F462F28FE06CD004EA74F /* SecondFeatureOverview.swift in Sources */,
				226C67D0292D76DC0049958A /* ImagePickerInformationSide.swift in Sources */,
				226C67E4292ECCE40049958A /* ExportPreviewPDFOtherBiotop.swift in Sources */,
				223BB354291147380064927A /* WrappedTextView.swift in Sources */,
				223AD5DC29199C53009B5C1C /* PlantSpeciesItem+CoreDataClass.swift in Sources */,
				225DFC112936048D005C7DEC /* CHCSVParser.m in Sources */,
				223AD572291861AD009B5C1C /* FrequencyEstimationFieldGerman.swift in Sources */,
				226C67E0292E87180049958A /* RowViewShortTerm.swift in Sources */,
				225561D029252F6700C645F6 /* HeaderView.swift in Sources */,
				223AD5DF29199C53009B5C1C /* ListEntry+CoreDataProperties.swift in Sources */,
				225DFC1329360790005C7DEC /* CSVGenerator.swift in Sources */,
				BFEFB78B293CE40200266853 /* EighthFeatureOverview.swift in Sources */,
				227FAAC4291E4BC700D747DA /* SearchBar.swift in Sources */,
				2239595B290452A600D5F38E /* UIImageTransformer.swift in Sources */,
				2252D321290868FF00568A1A /* EditContractView.swift in Sources */,
				224F463828FE1BE2004EA74F /* extensions.swift in Sources */,
				226C67CA292D715F0049958A /* FileManager.swift in Sources */,
				224F462D28FE06BB004EA74F /* FirstFeatureOverview.swift in Sources */,
				22A10883291BF66A0071FF3A /* PlantSpeciesLongTermItem+CoreDataProperties.swift in Sources */,
				225DFBE82932356B005C7DEC /* PDFCreatorDiffrentBiotop.swift in Sources */,
				225DFBEE29338873005C7DEC /* PDFKitView.swift in Sources */,
				224F462828FDFC99004EA74F /* MainSideView.swift in Sources */,
				226C67DA292E180F0049958A /* FieldInformation+CoreDataProperties.swift in Sources */,
				223AD4D42912B59B009B5C1C /* ContractAdminister.swift in Sources */,
				BFF0BB572950A62500E42179 /* CustomiseProfile.swift in Sources */,
				226C67BE292CCAB60049958A /* UserSettings.swift in Sources */,
				223AD56E291845D3009B5C1C /* EditListItemContractArea.swift in Sources */,
				226C67C1292D23940049958A /* InsertNewPlantView.swift in Sources */,
				223523FD292700E2000126E1 /* UserView.swift in Sources */,
				225561D429252FC100C645F6 /* SectionIndexTitles.swift in Sources */,
				226C67DB292E180F0049958A /* PicutreList+CoreDataClass.swift in Sources */,
				225561D229252F8900C645F6 /* RowViewLongTerm.swift in Sources */,
				223AD5E129199C53009B5C1C /* AppContract+CoreDataProperties.swift in Sources */,
				224F45FC28FD80E7004EA74F /* LandschaftserhaltungsApp.swift in Sources */,
				BFEFB787293CDF3200266853 /* SixthFeatureOverview.swift in Sources */,
				224F462B28FE0167004EA74F /* WelcomeView.swift in Sources */,
				BFF0BB5529509CCC00E42179 /* WelcomeAndGenerateFolder.swift in Sources */,
				223AD5DD29199C53009B5C1C /* PlantSpeciesItem+CoreDataProperties.swift in Sources */,
				BFEFB78D293CE6D300266853 /* NinethFeatureOverview.swift in Sources */,
			);
			runOnlyForDeploymentPostprocessing = 0;
		};
		224F460428FD80E8004EA74F /* Sources */ = {
			isa = PBXSourcesBuildPhase;
			buildActionMask = 2147483647;
			files = (
				224F460D28FD80E8004EA74F /* LandschaftserhaltungsTests.swift in Sources */,
			);
			runOnlyForDeploymentPostprocessing = 0;
		};
		224F460E28FD80E8004EA74F /* Sources */ = {
			isa = PBXSourcesBuildPhase;
			buildActionMask = 2147483647;
			files = (
				224F461728FD80E8004EA74F /* LandschaftserhaltungsUITests.swift in Sources */,
				224F461928FD80E8004EA74F /* LandschaftserhaltungsUITestsLaunchTests.swift in Sources */,
			);
			runOnlyForDeploymentPostprocessing = 0;
		};
/* End PBXSourcesBuildPhase section */

/* Begin PBXTargetDependency section */
		224F460A28FD80E8004EA74F /* PBXTargetDependency */ = {
			isa = PBXTargetDependency;
			target = 224F45F728FD80E7004EA74F /* Landschaftserhaltungs */;
			targetProxy = 224F460928FD80E8004EA74F /* PBXContainerItemProxy */;
		};
		224F461428FD80E8004EA74F /* PBXTargetDependency */ = {
			isa = PBXTargetDependency;
			target = 224F45F728FD80E7004EA74F /* Landschaftserhaltungs */;
			targetProxy = 224F461328FD80E8004EA74F /* PBXContainerItemProxy */;
		};
/* End PBXTargetDependency section */

/* Begin XCBuildConfiguration section */
		224F461A28FD80E8004EA74F /* Debug */ = {
			isa = XCBuildConfiguration;
			buildSettings = {
				ALWAYS_SEARCH_USER_PATHS = NO;
				CLANG_ANALYZER_NONNULL = YES;
				CLANG_ANALYZER_NUMBER_OBJECT_CONVERSION = YES_AGGRESSIVE;
				CLANG_CXX_LANGUAGE_STANDARD = "gnu++20";
				CLANG_ENABLE_MODULES = YES;
				CLANG_ENABLE_OBJC_ARC = YES;
				CLANG_ENABLE_OBJC_WEAK = YES;
				CLANG_WARN_BLOCK_CAPTURE_AUTORELEASING = YES;
				CLANG_WARN_BOOL_CONVERSION = YES;
				CLANG_WARN_COMMA = YES;
				CLANG_WARN_CONSTANT_CONVERSION = YES;
				CLANG_WARN_DEPRECATED_OBJC_IMPLEMENTATIONS = YES;
				CLANG_WARN_DIRECT_OBJC_ISA_USAGE = YES_ERROR;
				CLANG_WARN_DOCUMENTATION_COMMENTS = YES;
				CLANG_WARN_EMPTY_BODY = YES;
				CLANG_WARN_ENUM_CONVERSION = YES;
				CLANG_WARN_INFINITE_RECURSION = YES;
				CLANG_WARN_INT_CONVERSION = YES;
				CLANG_WARN_NON_LITERAL_NULL_CONVERSION = YES;
				CLANG_WARN_OBJC_IMPLICIT_RETAIN_SELF = YES;
				CLANG_WARN_OBJC_LITERAL_CONVERSION = YES;
				CLANG_WARN_OBJC_ROOT_CLASS = YES_ERROR;
				CLANG_WARN_QUOTED_INCLUDE_IN_FRAMEWORK_HEADER = YES;
				CLANG_WARN_RANGE_LOOP_ANALYSIS = YES;
				CLANG_WARN_STRICT_PROTOTYPES = YES;
				CLANG_WARN_SUSPICIOUS_MOVE = YES;
				CLANG_WARN_UNGUARDED_AVAILABILITY = YES_AGGRESSIVE;
				CLANG_WARN_UNREACHABLE_CODE = YES;
				CLANG_WARN__DUPLICATE_METHOD_MATCH = YES;
				COPY_PHASE_STRIP = NO;
				DEBUG_INFORMATION_FORMAT = dwarf;
				ENABLE_STRICT_OBJC_MSGSEND = YES;
				ENABLE_TESTABILITY = YES;
				GCC_C_LANGUAGE_STANDARD = gnu11;
				GCC_DYNAMIC_NO_PIC = NO;
				GCC_NO_COMMON_BLOCKS = YES;
				GCC_OPTIMIZATION_LEVEL = 0;
				GCC_PREPROCESSOR_DEFINITIONS = (
					"DEBUG=1",
					"$(inherited)",
				);
				GCC_WARN_64_TO_32_BIT_CONVERSION = YES;
				GCC_WARN_ABOUT_RETURN_TYPE = YES_ERROR;
				GCC_WARN_UNDECLARED_SELECTOR = YES;
				GCC_WARN_UNINITIALIZED_AUTOS = YES_AGGRESSIVE;
				GCC_WARN_UNUSED_FUNCTION = YES;
				GCC_WARN_UNUSED_VARIABLE = YES;
				IPHONEOS_DEPLOYMENT_TARGET = 16.0;
				MTL_ENABLE_DEBUG_INFO = INCLUDE_SOURCE;
				MTL_FAST_MATH = YES;
				ONLY_ACTIVE_ARCH = YES;
				SDKROOT = iphoneos;
				SWIFT_ACTIVE_COMPILATION_CONDITIONS = DEBUG;
				SWIFT_OPTIMIZATION_LEVEL = "-Onone";
			};
			name = Debug;
		};
		224F461B28FD80E8004EA74F /* Release */ = {
			isa = XCBuildConfiguration;
			buildSettings = {
				ALWAYS_SEARCH_USER_PATHS = NO;
				CLANG_ANALYZER_NONNULL = YES;
				CLANG_ANALYZER_NUMBER_OBJECT_CONVERSION = YES_AGGRESSIVE;
				CLANG_CXX_LANGUAGE_STANDARD = "gnu++20";
				CLANG_ENABLE_MODULES = YES;
				CLANG_ENABLE_OBJC_ARC = YES;
				CLANG_ENABLE_OBJC_WEAK = YES;
				CLANG_WARN_BLOCK_CAPTURE_AUTORELEASING = YES;
				CLANG_WARN_BOOL_CONVERSION = YES;
				CLANG_WARN_COMMA = YES;
				CLANG_WARN_CONSTANT_CONVERSION = YES;
				CLANG_WARN_DEPRECATED_OBJC_IMPLEMENTATIONS = YES;
				CLANG_WARN_DIRECT_OBJC_ISA_USAGE = YES_ERROR;
				CLANG_WARN_DOCUMENTATION_COMMENTS = YES;
				CLANG_WARN_EMPTY_BODY = YES;
				CLANG_WARN_ENUM_CONVERSION = YES;
				CLANG_WARN_INFINITE_RECURSION = YES;
				CLANG_WARN_INT_CONVERSION = YES;
				CLANG_WARN_NON_LITERAL_NULL_CONVERSION = YES;
				CLANG_WARN_OBJC_IMPLICIT_RETAIN_SELF = YES;
				CLANG_WARN_OBJC_LITERAL_CONVERSION = YES;
				CLANG_WARN_OBJC_ROOT_CLASS = YES_ERROR;
				CLANG_WARN_QUOTED_INCLUDE_IN_FRAMEWORK_HEADER = YES;
				CLANG_WARN_RANGE_LOOP_ANALYSIS = YES;
				CLANG_WARN_STRICT_PROTOTYPES = YES;
				CLANG_WARN_SUSPICIOUS_MOVE = YES;
				CLANG_WARN_UNGUARDED_AVAILABILITY = YES_AGGRESSIVE;
				CLANG_WARN_UNREACHABLE_CODE = YES;
				CLANG_WARN__DUPLICATE_METHOD_MATCH = YES;
				COPY_PHASE_STRIP = NO;
				DEBUG_INFORMATION_FORMAT = "dwarf-with-dsym";
				ENABLE_NS_ASSERTIONS = NO;
				ENABLE_STRICT_OBJC_MSGSEND = YES;
				GCC_C_LANGUAGE_STANDARD = gnu11;
				GCC_NO_COMMON_BLOCKS = YES;
				GCC_WARN_64_TO_32_BIT_CONVERSION = YES;
				GCC_WARN_ABOUT_RETURN_TYPE = YES_ERROR;
				GCC_WARN_UNDECLARED_SELECTOR = YES;
				GCC_WARN_UNINITIALIZED_AUTOS = YES_AGGRESSIVE;
				GCC_WARN_UNUSED_FUNCTION = YES;
				GCC_WARN_UNUSED_VARIABLE = YES;
				IPHONEOS_DEPLOYMENT_TARGET = 16.0;
				MTL_ENABLE_DEBUG_INFO = NO;
				MTL_FAST_MATH = YES;
				SDKROOT = iphoneos;
				SWIFT_COMPILATION_MODE = wholemodule;
				SWIFT_OPTIMIZATION_LEVEL = "-O";
				VALIDATE_PRODUCT = YES;
			};
			name = Release;
		};
		224F461D28FD80E8004EA74F /* Debug */ = {
			isa = XCBuildConfiguration;
			buildSettings = {
				ASSETCATALOG_COMPILER_APPICON_NAME = AppIcon;
				ASSETCATALOG_COMPILER_GLOBAL_ACCENT_COLOR_NAME = AccentColor;
				CLANG_ENABLE_MODULES = YES;
				CODE_SIGN_STYLE = Automatic;
				CURRENT_PROJECT_VERSION = 1;
				DEVELOPMENT_ASSET_PATHS = "\"Landschaftserhaltungs/Preview Content\"";
				DEVELOPMENT_TEAM = 6QRCDK36S8;
				ENABLE_PREVIEWS = YES;
				GENERATE_INFOPLIST_FILE = YES;
				INFOPLIST_FILE = Landschaftserhaltungs/Info.plist;
				INFOPLIST_KEY_LSApplicationCategoryType = "public.app-category.utilities";
				INFOPLIST_KEY_LSSupportsOpeningDocumentsInPlace = YES;
				INFOPLIST_KEY_NSCameraUsageDescription = "Aktivieren Sie bitten den Kamerazugriff. ";
				INFOPLIST_KEY_NSPhotoLibraryAddUsageDescription = "Please allow access to your photos";
				INFOPLIST_KEY_UIApplicationSceneManifest_Generation = YES;
				INFOPLIST_KEY_UIApplicationSupportsIndirectInputEvents = YES;
				INFOPLIST_KEY_UILaunchScreen_Generation = YES;
				INFOPLIST_KEY_UISupportedInterfaceOrientations = UIInterfaceOrientationPortrait;
				INFOPLIST_KEY_UISupportedInterfaceOrientations_iPad = "UIInterfaceOrientationLandscapeLeft UIInterfaceOrientationLandscapeRight UIInterfaceOrientationPortrait UIInterfaceOrientationPortraitUpsideDown";
				INFOPLIST_KEY_UIUserInterfaceStyle = Light;
				LD_RUNPATH_SEARCH_PATHS = (
					"$(inherited)",
					"@executable_path/Frameworks",
				);
				MARKETING_VERSION = 1.0;
				PRODUCT_BUNDLE_IDENTIFIER = com.hfu.landschaftserhaltungs;
				PRODUCT_NAME = "$(TARGET_NAME)";
				SHARED_PRECOMPS_DIR = "$(OBJROOT)/SharedPrecompiledHeaders";
				SWIFT_EMIT_LOC_STRINGS = YES;
				SWIFT_OBJC_BRIDGING_HEADER = "Landschaftserhaltungs/BackEnd/CSV/Landschaftserhaltungs-Bridging-Header.h";
				SWIFT_OPTIMIZATION_LEVEL = "-Onone";
				SWIFT_VERSION = 5.0;
				TARGETED_DEVICE_FAMILY = "1,2";
			};
			name = Debug;
		};
		224F461E28FD80E8004EA74F /* Release */ = {
			isa = XCBuildConfiguration;
			buildSettings = {
				ASSETCATALOG_COMPILER_APPICON_NAME = AppIcon;
				ASSETCATALOG_COMPILER_GLOBAL_ACCENT_COLOR_NAME = AccentColor;
				CLANG_ENABLE_MODULES = YES;
				CODE_SIGN_STYLE = Automatic;
				CURRENT_PROJECT_VERSION = 1;
				DEVELOPMENT_ASSET_PATHS = "\"Landschaftserhaltungs/Preview Content\"";
				DEVELOPMENT_TEAM = 6QRCDK36S8;
				ENABLE_PREVIEWS = YES;
				GENERATE_INFOPLIST_FILE = YES;
				INFOPLIST_FILE = Landschaftserhaltungs/Info.plist;
				INFOPLIST_KEY_LSApplicationCategoryType = "public.app-category.utilities";
				INFOPLIST_KEY_LSSupportsOpeningDocumentsInPlace = YES;
				INFOPLIST_KEY_NSCameraUsageDescription = "Aktivieren Sie bitten den Kamerazugriff. ";
				INFOPLIST_KEY_NSPhotoLibraryAddUsageDescription = "Please allow access to your photos";
				INFOPLIST_KEY_UIApplicationSceneManifest_Generation = YES;
				INFOPLIST_KEY_UIApplicationSupportsIndirectInputEvents = YES;
				INFOPLIST_KEY_UILaunchScreen_Generation = YES;
				INFOPLIST_KEY_UISupportedInterfaceOrientations = UIInterfaceOrientationPortrait;
				INFOPLIST_KEY_UISupportedInterfaceOrientations_iPad = "UIInterfaceOrientationLandscapeLeft UIInterfaceOrientationLandscapeRight UIInterfaceOrientationPortrait UIInterfaceOrientationPortraitUpsideDown";
				INFOPLIST_KEY_UIUserInterfaceStyle = Light;
				LD_RUNPATH_SEARCH_PATHS = (
					"$(inherited)",
					"@executable_path/Frameworks",
				);
				MARKETING_VERSION = 1.0;
				PRODUCT_BUNDLE_IDENTIFIER = com.hfu.landschaftserhaltungs;
				PRODUCT_NAME = "$(TARGET_NAME)";
				SHARED_PRECOMPS_DIR = "$(OBJROOT)/SharedPrecompiledHeaders";
				SWIFT_EMIT_LOC_STRINGS = YES;
				SWIFT_OBJC_BRIDGING_HEADER = "Landschaftserhaltungs/BackEnd/CSV/Landschaftserhaltungs-Bridging-Header.h";
				SWIFT_VERSION = 5.0;
				TARGETED_DEVICE_FAMILY = "1,2";
			};
			name = Release;
		};
		224F462028FD80E8004EA74F /* Debug */ = {
			isa = XCBuildConfiguration;
			buildSettings = {
				ALWAYS_EMBED_SWIFT_STANDARD_LIBRARIES = YES;
				BUNDLE_LOADER = "$(TEST_HOST)";
				CODE_SIGN_STYLE = Automatic;
				CURRENT_PROJECT_VERSION = 1;
				DEVELOPMENT_TEAM = 6QRCDK36S8;
				GENERATE_INFOPLIST_FILE = YES;
				IPHONEOS_DEPLOYMENT_TARGET = 16.0;
				MARKETING_VERSION = 1.0;
				PRODUCT_BUNDLE_IDENTIFIER = com.hfu.landschaftserhaltungs.LandschaftserhaltungsTests;
				PRODUCT_NAME = "$(TARGET_NAME)";
				SWIFT_EMIT_LOC_STRINGS = NO;
				SWIFT_VERSION = 5.0;
				TARGETED_DEVICE_FAMILY = "1,2";
				TEST_HOST = "$(BUILT_PRODUCTS_DIR)/Landschaftserhaltungs.app/$(BUNDLE_EXECUTABLE_FOLDER_PATH)/Landschaftserhaltungs";
			};
			name = Debug;
		};
		224F462128FD80E8004EA74F /* Release */ = {
			isa = XCBuildConfiguration;
			buildSettings = {
				ALWAYS_EMBED_SWIFT_STANDARD_LIBRARIES = YES;
				BUNDLE_LOADER = "$(TEST_HOST)";
				CODE_SIGN_STYLE = Automatic;
				CURRENT_PROJECT_VERSION = 1;
				DEVELOPMENT_TEAM = 6QRCDK36S8;
				GENERATE_INFOPLIST_FILE = YES;
				IPHONEOS_DEPLOYMENT_TARGET = 16.0;
				MARKETING_VERSION = 1.0;
				PRODUCT_BUNDLE_IDENTIFIER = com.hfu.landschaftserhaltungs.LandschaftserhaltungsTests;
				PRODUCT_NAME = "$(TARGET_NAME)";
				SWIFT_EMIT_LOC_STRINGS = NO;
				SWIFT_VERSION = 5.0;
				TARGETED_DEVICE_FAMILY = "1,2";
				TEST_HOST = "$(BUILT_PRODUCTS_DIR)/Landschaftserhaltungs.app/$(BUNDLE_EXECUTABLE_FOLDER_PATH)/Landschaftserhaltungs";
			};
			name = Release;
		};
		224F462328FD80E8004EA74F /* Debug */ = {
			isa = XCBuildConfiguration;
			buildSettings = {
				ALWAYS_EMBED_SWIFT_STANDARD_LIBRARIES = YES;
				CODE_SIGN_STYLE = Automatic;
				CURRENT_PROJECT_VERSION = 1;
				DEVELOPMENT_TEAM = 6QRCDK36S8;
				GENERATE_INFOPLIST_FILE = YES;
				MARKETING_VERSION = 1.0;
				PRODUCT_BUNDLE_IDENTIFIER = com.hfu.landschaftserhaltungs.LandschaftserhaltungsUITests;
				PRODUCT_NAME = "$(TARGET_NAME)";
				SWIFT_EMIT_LOC_STRINGS = NO;
				SWIFT_VERSION = 5.0;
				TARGETED_DEVICE_FAMILY = "1,2";
				TEST_TARGET_NAME = Landschaftserhaltungs;
			};
			name = Debug;
		};
		224F462428FD80E8004EA74F /* Release */ = {
			isa = XCBuildConfiguration;
			buildSettings = {
				ALWAYS_EMBED_SWIFT_STANDARD_LIBRARIES = YES;
				CODE_SIGN_STYLE = Automatic;
				CURRENT_PROJECT_VERSION = 1;
				DEVELOPMENT_TEAM = 6QRCDK36S8;
				GENERATE_INFOPLIST_FILE = YES;
				MARKETING_VERSION = 1.0;
				PRODUCT_BUNDLE_IDENTIFIER = com.hfu.landschaftserhaltungs.LandschaftserhaltungsUITests;
				PRODUCT_NAME = "$(TARGET_NAME)";
				SWIFT_EMIT_LOC_STRINGS = NO;
				SWIFT_VERSION = 5.0;
				TARGETED_DEVICE_FAMILY = "1,2";
				TEST_TARGET_NAME = Landschaftserhaltungs;
			};
			name = Release;
		};
/* End XCBuildConfiguration section */

/* Begin XCConfigurationList section */
		224F45F328FD80E7004EA74F /* Build configuration list for PBXProject "Landschaftserhaltungs" */ = {
			isa = XCConfigurationList;
			buildConfigurations = (
				224F461A28FD80E8004EA74F /* Debug */,
				224F461B28FD80E8004EA74F /* Release */,
			);
			defaultConfigurationIsVisible = 0;
			defaultConfigurationName = Release;
		};
		224F461C28FD80E8004EA74F /* Build configuration list for PBXNativeTarget "Landschaftserhaltungs" */ = {
			isa = XCConfigurationList;
			buildConfigurations = (
				224F461D28FD80E8004EA74F /* Debug */,
				224F461E28FD80E8004EA74F /* Release */,
			);
			defaultConfigurationIsVisible = 0;
			defaultConfigurationName = Release;
		};
		224F461F28FD80E8004EA74F /* Build configuration list for PBXNativeTarget "LandschaftserhaltungsTests" */ = {
			isa = XCConfigurationList;
			buildConfigurations = (
				224F462028FD80E8004EA74F /* Debug */,
				224F462128FD80E8004EA74F /* Release */,
			);
			defaultConfigurationIsVisible = 0;
			defaultConfigurationName = Release;
		};
		224F462228FD80E8004EA74F /* Build configuration list for PBXNativeTarget "LandschaftserhaltungsUITests" */ = {
			isa = XCConfigurationList;
			buildConfigurations = (
				224F462328FD80E8004EA74F /* Debug */,
				224F462428FD80E8004EA74F /* Release */,
			);
			defaultConfigurationIsVisible = 0;
			defaultConfigurationName = Release;
		};
/* End XCConfigurationList section */

/* Begin XCRemoteSwiftPackageReference section */
		223BB350291144BE0064927A /* XCRemoteSwiftPackageReference "TextView" */ = {
			isa = XCRemoteSwiftPackageReference;
			repositoryURL = "https://github.com/SwiftUI-Plus/TextView.git";
			requirement = {
				kind = upToNextMajorVersion;
				minimumVersion = 1.0.0;
			};
		};
		22455CFB29007AF3002876AD /* XCRemoteSwiftPackageReference "SwiftLocation" */ = {
			isa = XCRemoteSwiftPackageReference;
			repositoryURL = "https://github.com/malcommac/SwiftLocation";
			requirement = {
				kind = upToNextMajorVersion;
				minimumVersion = 5.0.0;
			};
		};
		225DFBE929323F59005C7DEC /* XCRemoteSwiftPackageReference "TPPDF" */ = {
			isa = XCRemoteSwiftPackageReference;
			repositoryURL = "https://github.com/Techprimate/TPPDF";
			requirement = {
				kind = upToNextMajorVersion;
				minimumVersion = 2.0.0;
			};
		};
		225DFBFC29350108005C7DEC /* XCRemoteSwiftPackageReference "CSV" */ = {
			isa = XCRemoteSwiftPackageReference;
			repositoryURL = "https://github.com/yaslab/CSV.swift";
			requirement = {
				kind = upToNextMajorVersion;
				minimumVersion = 2.0.0;
			};
		};
		225DFC0B2935575A005C7DEC /* XCRemoteSwiftPackageReference "csvkit" */ = {
			isa = XCRemoteSwiftPackageReference;
			repositoryURL = "https://github.com/sanzaru/csvkit";
			requirement = {
				kind = upToNextMajorVersion;
				minimumVersion = 0.0.5;
			};
		};
/* End XCRemoteSwiftPackageReference section */

/* Begin XCSwiftPackageProductDependency section */
		225DFBEA29323F59005C7DEC /* TPPDF */ = {
			isa = XCSwiftPackageProductDependency;
			package = 225DFBE929323F59005C7DEC /* XCRemoteSwiftPackageReference "TPPDF" */;
			productName = TPPDF;
		};
		225DFBFD29350108005C7DEC /* CSV */ = {
			isa = XCSwiftPackageProductDependency;
			package = 225DFBFC29350108005C7DEC /* XCRemoteSwiftPackageReference "CSV" */;
			productName = CSV;
		};
		225DFC0C2935575A005C7DEC /* CSVKit */ = {
			isa = XCSwiftPackageProductDependency;
			package = 225DFC0B2935575A005C7DEC /* XCRemoteSwiftPackageReference "csvkit" */;
			productName = CSVKit;
		};
/* End XCSwiftPackageProductDependency section */

/* Begin XCVersionGroup section */
		223AD57F291940D7009B5C1C /* AppStateDataModel.xcdatamodeld */ = {
			isa = XCVersionGroup;
			children = (
				223AD580291940D7009B5C1C /* AppStateDataModel.xcdatamodel */,
			);
			currentVersion = 223AD580291940D7009B5C1C /* AppStateDataModel.xcdatamodel */;
			path = AppStateDataModel.xcdatamodeld;
			sourceTree = "<group>";
			versionGroupType = wrapper.xcdatamodel;
		};
/* End XCVersionGroup section */
	};
	rootObject = 224F45F028FD80E7004EA74F /* Project object */;
}
