// !$*UTF8*$!
{
	archiveVersion = 1;
	classes = {
	};
	objectVersion = 56;
	objects = {

/* Begin PBXBuildFile section */
		221AC67B290C3A2800993F52 /* DataHandler.swift in Sources */ = {isa = PBXBuildFile; fileRef = 221AC67A290C3A2700993F52 /* DataHandler.swift */; };
		221AC67D290D150B00993F52 /* BackgroundLinearGradient.swift in Sources */ = {isa = PBXBuildFile; fileRef = 221AC67C290D150B00993F52 /* BackgroundLinearGradient.swift */; };
		2239595929044A6A00D5F38E /* AppContract.swift in Sources */ = {isa = PBXBuildFile; fileRef = 2239595829044A6A00D5F38E /* AppContract.swift */; };
		2239595B290452A600D5F38E /* UIImageTransformer.swift in Sources */ = {isa = PBXBuildFile; fileRef = 2239595A290452A600D5F38E /* UIImageTransformer.swift */; };
		2239595F2907DDCD00D5F38E /* ContractListItem.swift in Sources */ = {isa = PBXBuildFile; fileRef = 2239595E2907DDCD00D5F38E /* ContractListItem.swift */; };
		223AD4D42912B59B009B5C1C /* ContractAdminister.swift in Sources */ = {isa = PBXBuildFile; fileRef = 223AD4D32912B59B009B5C1C /* ContractAdminister.swift */; };
		223BB34D29103C490064927A /* TextView.swift in Sources */ = {isa = PBXBuildFile; fileRef = 223BB34C29103C490064927A /* TextView.swift */; };
		223BB354291147380064927A /* WrappedTextView.swift in Sources */ = {isa = PBXBuildFile; fileRef = 223BB353291147380064927A /* WrappedTextView.swift */; };
		223BB35829116F9D0064927A /* SelectFilterView.swift in Sources */ = {isa = PBXBuildFile; fileRef = 223BB35729116F9D0064927A /* SelectFilterView.swift */; };
		22455CF628FF03BC002876AD /* CreateNewContract.swift in Sources */ = {isa = PBXBuildFile; fileRef = 22455CF528FF03BC002876AD /* CreateNewContract.swift */; };
		22455CF828FF2794002876AD /* ExpiredContractView.swift in Sources */ = {isa = PBXBuildFile; fileRef = 22455CF728FF2794002876AD /* ExpiredContractView.swift */; };
		22455CFA28FF27B5002876AD /* ManageContractView.swift in Sources */ = {isa = PBXBuildFile; fileRef = 22455CF928FF27B5002876AD /* ManageContractView.swift */; };
		22455D0B2900901C002876AD /* ImagePicker.swift in Sources */ = {isa = PBXBuildFile; fileRef = 22455D0A2900901C002876AD /* ImagePicker.swift */; };
		22455D0D290094AE002876AD /* NewContractDataModel.swift in Sources */ = {isa = PBXBuildFile; fileRef = 22455D0C290094AE002876AD /* NewContractDataModel.swift */; };
		22455D102900A81A002876AD /* AppStateDataModel.xcdatamodeld in Sources */ = {isa = PBXBuildFile; fileRef = 22455D0E2900A81A002876AD /* AppStateDataModel.xcdatamodeld */; };
		22455D122900A869002876AD /* CoreDataManager.swift in Sources */ = {isa = PBXBuildFile; fileRef = 22455D112900A869002876AD /* CoreDataManager.swift */; };
		224F45FC28FD80E7004EA74F /* LandschaftserhaltungsApp.swift in Sources */ = {isa = PBXBuildFile; fileRef = 224F45FB28FD80E7004EA74F /* LandschaftserhaltungsApp.swift */; };
		224F45FE28FD80E7004EA74F /* OnboardingFlowView.swift in Sources */ = {isa = PBXBuildFile; fileRef = 224F45FD28FD80E7004EA74F /* OnboardingFlowView.swift */; };
		224F460028FD80E8004EA74F /* Assets.xcassets in Resources */ = {isa = PBXBuildFile; fileRef = 224F45FF28FD80E8004EA74F /* Assets.xcassets */; };
		224F460328FD80E8004EA74F /* Preview Assets.xcassets in Resources */ = {isa = PBXBuildFile; fileRef = 224F460228FD80E8004EA74F /* Preview Assets.xcassets */; };
		224F460D28FD80E8004EA74F /* LandschaftserhaltungsTests.swift in Sources */ = {isa = PBXBuildFile; fileRef = 224F460C28FD80E8004EA74F /* LandschaftserhaltungsTests.swift */; };
		224F461728FD80E8004EA74F /* LandschaftserhaltungsUITests.swift in Sources */ = {isa = PBXBuildFile; fileRef = 224F461628FD80E8004EA74F /* LandschaftserhaltungsUITests.swift */; };
		224F461928FD80E8004EA74F /* LandschaftserhaltungsUITestsLaunchTests.swift in Sources */ = {isa = PBXBuildFile; fileRef = 224F461828FD80E8004EA74F /* LandschaftserhaltungsUITestsLaunchTests.swift */; };
		224F462828FDFC99004EA74F /* MainSideView.swift in Sources */ = {isa = PBXBuildFile; fileRef = 224F462728FDFC99004EA74F /* MainSideView.swift */; };
		224F462B28FE0167004EA74F /* WelcomeView.swift in Sources */ = {isa = PBXBuildFile; fileRef = 224F462A28FE0167004EA74F /* WelcomeView.swift */; };
		224F462D28FE06BB004EA74F /* FirstFeatureOverview.swift in Sources */ = {isa = PBXBuildFile; fileRef = 224F462C28FE06BB004EA74F /* FirstFeatureOverview.swift */; };
		224F462F28FE06CD004EA74F /* SecondFeatureOverview.swift in Sources */ = {isa = PBXBuildFile; fileRef = 224F462E28FE06CD004EA74F /* SecondFeatureOverview.swift */; };
		224F463128FE06E4004EA74F /* ThirdFeatureOverview.swift in Sources */ = {isa = PBXBuildFile; fileRef = 224F463028FE06E4004EA74F /* ThirdFeatureOverview.swift */; };
		224F463328FE07D8004EA74F /* DoneOverview.swift in Sources */ = {isa = PBXBuildFile; fileRef = 224F463228FE07D8004EA74F /* DoneOverview.swift */; };
		224F463528FE1443004EA74F /* AppState.swift in Sources */ = {isa = PBXBuildFile; fileRef = 224F463428FE1443004EA74F /* AppState.swift */; };
		224F463828FE1BE2004EA74F /* extensions.swift in Sources */ = {isa = PBXBuildFile; fileRef = 224F463728FE1BE2004EA74F /* extensions.swift */; };
		2252D321290868FF00568A1A /* EditContractView.swift in Sources */ = {isa = PBXBuildFile; fileRef = 2252D320290868FF00568A1A /* EditContractView.swift */; };
/* End PBXBuildFile section */

/* Begin PBXContainerItemProxy section */
		224F460928FD80E8004EA74F /* PBXContainerItemProxy */ = {
			isa = PBXContainerItemProxy;
			containerPortal = 224F45F028FD80E7004EA74F /* Project object */;
			proxyType = 1;
			remoteGlobalIDString = 224F45F728FD80E7004EA74F;
			remoteInfo = Landschaftserhaltungs;
		};
		224F461328FD80E8004EA74F /* PBXContainerItemProxy */ = {
			isa = PBXContainerItemProxy;
			containerPortal = 224F45F028FD80E7004EA74F /* Project object */;
			proxyType = 1;
			remoteGlobalIDString = 224F45F728FD80E7004EA74F;
			remoteInfo = Landschaftserhaltungs;
		};
/* End PBXContainerItemProxy section */

/* Begin PBXFileReference section */
		221AC67A290C3A2700993F52 /* DataHandler.swift */ = {isa = PBXFileReference; lastKnownFileType = sourcecode.swift; path = DataHandler.swift; sourceTree = "<group>"; };
		221AC67C290D150B00993F52 /* BackgroundLinearGradient.swift */ = {isa = PBXFileReference; lastKnownFileType = sourcecode.swift; path = BackgroundLinearGradient.swift; sourceTree = "<group>"; };
		2239595829044A6A00D5F38E /* AppContract.swift */ = {isa = PBXFileReference; lastKnownFileType = sourcecode.swift; path = AppContract.swift; sourceTree = "<group>"; };
		2239595A290452A600D5F38E /* UIImageTransformer.swift */ = {isa = PBXFileReference; lastKnownFileType = sourcecode.swift; path = UIImageTransformer.swift; sourceTree = "<group>"; };
		2239595E2907DDCD00D5F38E /* ContractListItem.swift */ = {isa = PBXFileReference; lastKnownFileType = sourcecode.swift; path = ContractListItem.swift; sourceTree = "<group>"; };
		223AD4D32912B59B009B5C1C /* ContractAdminister.swift */ = {isa = PBXFileReference; lastKnownFileType = sourcecode.swift; path = ContractAdminister.swift; sourceTree = "<group>"; };
		223BB34C29103C490064927A /* TextView.swift */ = {isa = PBXFileReference; lastKnownFileType = sourcecode.swift; path = TextView.swift; sourceTree = "<group>"; };
		223BB353291147380064927A /* WrappedTextView.swift */ = {isa = PBXFileReference; lastKnownFileType = sourcecode.swift; path = WrappedTextView.swift; sourceTree = "<group>"; };
		223BB35729116F9D0064927A /* SelectFilterView.swift */ = {isa = PBXFileReference; lastKnownFileType = sourcecode.swift; path = SelectFilterView.swift; sourceTree = "<group>"; };
		22455CF528FF03BC002876AD /* CreateNewContract.swift */ = {isa = PBXFileReference; lastKnownFileType = sourcecode.swift; path = CreateNewContract.swift; sourceTree = "<group>"; usesTabs = 0; };
		22455CF728FF2794002876AD /* ExpiredContractView.swift */ = {isa = PBXFileReference; lastKnownFileType = sourcecode.swift; path = ExpiredContractView.swift; sourceTree = "<group>"; };
		22455CF928FF27B5002876AD /* ManageContractView.swift */ = {isa = PBXFileReference; lastKnownFileType = sourcecode.swift; path = ManageContractView.swift; sourceTree = "<group>"; };
		22455D0A2900901C002876AD /* ImagePicker.swift */ = {isa = PBXFileReference; lastKnownFileType = sourcecode.swift; path = ImagePicker.swift; sourceTree = "<group>"; };
		22455D0C290094AE002876AD /* NewContractDataModel.swift */ = {isa = PBXFileReference; lastKnownFileType = sourcecode.swift; path = NewContractDataModel.swift; sourceTree = "<group>"; };
		22455D0F2900A81A002876AD /* AppStateDataModel.xcdatamodel */ = {isa = PBXFileReference; lastKnownFileType = wrapper.xcdatamodel; path = AppStateDataModel.xcdatamodel; sourceTree = "<group>"; };
		22455D112900A869002876AD /* CoreDataManager.swift */ = {isa = PBXFileReference; lastKnownFileType = sourcecode.swift; path = CoreDataManager.swift; sourceTree = "<group>"; };
		224F45F828FD80E7004EA74F /* Landschaftserhaltungs.app */ = {isa = PBXFileReference; explicitFileType = wrapper.application; includeInIndex = 0; path = Landschaftserhaltungs.app; sourceTree = BUILT_PRODUCTS_DIR; };
		224F45FB28FD80E7004EA74F /* LandschaftserhaltungsApp.swift */ = {isa = PBXFileReference; lastKnownFileType = sourcecode.swift; path = LandschaftserhaltungsApp.swift; sourceTree = "<group>"; };
		224F45FD28FD80E7004EA74F /* OnboardingFlowView.swift */ = {isa = PBXFileReference; lastKnownFileType = sourcecode.swift; path = OnboardingFlowView.swift; sourceTree = "<group>"; };
		224F45FF28FD80E8004EA74F /* Assets.xcassets */ = {isa = PBXFileReference; lastKnownFileType = folder.assetcatalog; path = Assets.xcassets; sourceTree = "<group>"; };
		224F460228FD80E8004EA74F /* Preview Assets.xcassets */ = {isa = PBXFileReference; lastKnownFileType = folder.assetcatalog; path = "Preview Assets.xcassets"; sourceTree = "<group>"; };
		224F460828FD80E8004EA74F /* LandschaftserhaltungsTests.xctest */ = {isa = PBXFileReference; explicitFileType = wrapper.cfbundle; includeInIndex = 0; path = LandschaftserhaltungsTests.xctest; sourceTree = BUILT_PRODUCTS_DIR; };
		224F460C28FD80E8004EA74F /* LandschaftserhaltungsTests.swift */ = {isa = PBXFileReference; lastKnownFileType = sourcecode.swift; path = LandschaftserhaltungsTests.swift; sourceTree = "<group>"; };
		224F461228FD80E8004EA74F /* LandschaftserhaltungsUITests.xctest */ = {isa = PBXFileReference; explicitFileType = wrapper.cfbundle; includeInIndex = 0; path = LandschaftserhaltungsUITests.xctest; sourceTree = BUILT_PRODUCTS_DIR; };
		224F461628FD80E8004EA74F /* LandschaftserhaltungsUITests.swift */ = {isa = PBXFileReference; lastKnownFileType = sourcecode.swift; path = LandschaftserhaltungsUITests.swift; sourceTree = "<group>"; };
		224F461828FD80E8004EA74F /* LandschaftserhaltungsUITestsLaunchTests.swift */ = {isa = PBXFileReference; lastKnownFileType = sourcecode.swift; path = LandschaftserhaltungsUITestsLaunchTests.swift; sourceTree = "<group>"; };
		224F462728FDFC99004EA74F /* MainSideView.swift */ = {isa = PBXFileReference; lastKnownFileType = sourcecode.swift; path = MainSideView.swift; sourceTree = "<group>"; };
		224F462A28FE0167004EA74F /* WelcomeView.swift */ = {isa = PBXFileReference; lastKnownFileType = sourcecode.swift; path = WelcomeView.swift; sourceTree = "<group>"; };
		224F462C28FE06BB004EA74F /* FirstFeatureOverview.swift */ = {isa = PBXFileReference; lastKnownFileType = sourcecode.swift; path = FirstFeatureOverview.swift; sourceTree = "<group>"; };
		224F462E28FE06CD004EA74F /* SecondFeatureOverview.swift */ = {isa = PBXFileReference; lastKnownFileType = sourcecode.swift; path = SecondFeatureOverview.swift; sourceTree = "<group>"; };
		224F463028FE06E4004EA74F /* ThirdFeatureOverview.swift */ = {isa = PBXFileReference; lastKnownFileType = sourcecode.swift; path = ThirdFeatureOverview.swift; sourceTree = "<group>"; };
		224F463228FE07D8004EA74F /* DoneOverview.swift */ = {isa = PBXFileReference; lastKnownFileType = sourcecode.swift; path = DoneOverview.swift; sourceTree = "<group>"; };
		224F463428FE1443004EA74F /* AppState.swift */ = {isa = PBXFileReference; lastKnownFileType = sourcecode.swift; path = AppState.swift; sourceTree = "<group>"; };
		224F463728FE1BE2004EA74F /* extensions.swift */ = {isa = PBXFileReference; lastKnownFileType = sourcecode.swift; path = extensions.swift; sourceTree = "<group>"; };
		2252D320290868FF00568A1A /* EditContractView.swift */ = {isa = PBXFileReference; lastKnownFileType = sourcecode.swift; path = EditContractView.swift; sourceTree = "<group>"; };
/* End PBXFileReference section */

/* Begin PBXFrameworksBuildPhase section */
		224F45F528FD80E7004EA74F /* Frameworks */ = {
			isa = PBXFrameworksBuildPhase;
			buildActionMask = 2147483647;
			files = (
			);
			runOnlyForDeploymentPostprocessing = 0;
		};
		224F460528FD80E8004EA74F /* Frameworks */ = {
			isa = PBXFrameworksBuildPhase;
			buildActionMask = 2147483647;
			files = (
			);
			runOnlyForDeploymentPostprocessing = 0;
		};
		224F460F28FD80E8004EA74F /* Frameworks */ = {
			isa = PBXFrameworksBuildPhase;
			buildActionMask = 2147483647;
			files = (
			);
			runOnlyForDeploymentPostprocessing = 0;
		};
/* End PBXFrameworksBuildPhase section */

/* Begin PBXGroup section */
		224F45EF28FD80E7004EA74F = {
			isa = PBXGroup;
			children = (
				224F45FA28FD80E7004EA74F /* Landschaftserhaltungs */,
				224F460B28FD80E8004EA74F /* LandschaftserhaltungsTests */,
				224F461528FD80E8004EA74F /* LandschaftserhaltungsUITests */,
				224F45F928FD80E7004EA74F /* Products */,
			);
			sourceTree = "<group>";
		};
		224F45F928FD80E7004EA74F /* Products */ = {
			isa = PBXGroup;
			children = (
				224F45F828FD80E7004EA74F /* Landschaftserhaltungs.app */,
				224F460828FD80E8004EA74F /* LandschaftserhaltungsTests.xctest */,
				224F461228FD80E8004EA74F /* LandschaftserhaltungsUITests.xctest */,
			);
			name = Products;
			sourceTree = "<group>";
		};
		224F45FA28FD80E7004EA74F /* Landschaftserhaltungs */ = {
			isa = PBXGroup;
			children = (
				224F463628FE1BD1004EA74F /* extensions */,
				224F462628FD855D004EA74F /* BackEnd */,
				224F45FB28FD80E7004EA74F /* LandschaftserhaltungsApp.swift */,
				224F462528FD8555004EA74F /* FrontEnd */,
				224F45FF28FD80E8004EA74F /* Assets.xcassets */,
				224F460128FD80E8004EA74F /* Preview Content */,
			);
			path = Landschaftserhaltungs;
			sourceTree = "<group>";
		};
		224F460128FD80E8004EA74F /* Preview Content */ = {
			isa = PBXGroup;
			children = (
				224F460228FD80E8004EA74F /* Preview Assets.xcassets */,
			);
			path = "Preview Content";
			sourceTree = "<group>";
		};
		224F460B28FD80E8004EA74F /* LandschaftserhaltungsTests */ = {
			isa = PBXGroup;
			children = (
				224F460C28FD80E8004EA74F /* LandschaftserhaltungsTests.swift */,
			);
			path = LandschaftserhaltungsTests;
			sourceTree = "<group>";
		};
		224F461528FD80E8004EA74F /* LandschaftserhaltungsUITests */ = {
			isa = PBXGroup;
			children = (
				224F461628FD80E8004EA74F /* LandschaftserhaltungsUITests.swift */,
				224F461828FD80E8004EA74F /* LandschaftserhaltungsUITestsLaunchTests.swift */,
			);
			path = LandschaftserhaltungsUITests;
			sourceTree = "<group>";
		};
		224F462528FD8555004EA74F /* FrontEnd */ = {
			isa = PBXGroup;
			children = (
				223AD4D32912B59B009B5C1C /* ContractAdminister.swift */,
				223BB35729116F9D0064927A /* SelectFilterView.swift */,
				223BB353291147380064927A /* WrappedTextView.swift */,
				223BB34C29103C490064927A /* TextView.swift */,
				221AC67C290D150B00993F52 /* BackgroundLinearGradient.swift */,
				224F462728FDFC99004EA74F /* MainSideView.swift */,
				22455CF528FF03BC002876AD /* CreateNewContract.swift */,
				22455CF728FF2794002876AD /* ExpiredContractView.swift */,
				2239595E2907DDCD00D5F38E /* ContractListItem.swift */,
				22455CF928FF27B5002876AD /* ManageContractView.swift */,
				2252D320290868FF00568A1A /* EditContractView.swift */,
				224F462928FE014B004EA74F /* Onboarding */,
			);
			path = FrontEnd;
			sourceTree = "<group>";
		};
		224F462628FD855D004EA74F /* BackEnd */ = {
			isa = PBXGroup;
			children = (
				2239595A290452A600D5F38E /* UIImageTransformer.swift */,
				2239595829044A6A00D5F38E /* AppContract.swift */,
				224F463428FE1443004EA74F /* AppState.swift */,
				22455D0A2900901C002876AD /* ImagePicker.swift */,
				22455D0C290094AE002876AD /* NewContractDataModel.swift */,
				22455D0E2900A81A002876AD /* AppStateDataModel.xcdatamodeld */,
				22455D112900A869002876AD /* CoreDataManager.swift */,
				221AC67A290C3A2700993F52 /* DataHandler.swift */,
			);
			path = BackEnd;
			sourceTree = "<group>";
		};
		224F462928FE014B004EA74F /* Onboarding */ = {
			isa = PBXGroup;
			children = (
				224F45FD28FD80E7004EA74F /* OnboardingFlowView.swift */,
				224F462A28FE0167004EA74F /* WelcomeView.swift */,
				224F462C28FE06BB004EA74F /* FirstFeatureOverview.swift */,
				224F462E28FE06CD004EA74F /* SecondFeatureOverview.swift */,
				224F463028FE06E4004EA74F /* ThirdFeatureOverview.swift */,
				224F463228FE07D8004EA74F /* DoneOverview.swift */,
			);
			path = Onboarding;
			sourceTree = "<group>";
		};
		224F463628FE1BD1004EA74F /* extensions */ = {
			isa = PBXGroup;
			children = (
				224F463728FE1BE2004EA74F /* extensions.swift */,
			);
			path = extensions;
			sourceTree = "<group>";
		};
/* End PBXGroup section */

/* Begin PBXNativeTarget section */
		224F45F728FD80E7004EA74F /* Landschaftserhaltungs */ = {
			isa = PBXNativeTarget;
			buildConfigurationList = 224F461C28FD80E8004EA74F /* Build configuration list for PBXNativeTarget "Landschaftserhaltungs" */;
			buildPhases = (
				224F45F428FD80E7004EA74F /* Sources */,
				224F45F528FD80E7004EA74F /* Frameworks */,
				224F45F628FD80E7004EA74F /* Resources */,
			);
			buildRules = (
			);
			dependencies = (
			);
			name = Landschaftserhaltungs;
			packageProductDependencies = (
			);
			productName = Landschaftserhaltungs;
			productReference = 224F45F828FD80E7004EA74F /* Landschaftserhaltungs.app */;
			productType = "com.apple.product-type.application";
		};
		224F460728FD80E8004EA74F /* LandschaftserhaltungsTests */ = {
			isa = PBXNativeTarget;
			buildConfigurationList = 224F461F28FD80E8004EA74F /* Build configuration list for PBXNativeTarget "LandschaftserhaltungsTests" */;
			buildPhases = (
				224F460428FD80E8004EA74F /* Sources */,
				224F460528FD80E8004EA74F /* Frameworks */,
				224F460628FD80E8004EA74F /* Resources */,
			);
			buildRules = (
			);
			dependencies = (
				224F460A28FD80E8004EA74F /* PBXTargetDependency */,
			);
			name = LandschaftserhaltungsTests;
			productName = LandschaftserhaltungsTests;
			productReference = 224F460828FD80E8004EA74F /* LandschaftserhaltungsTests.xctest */;
			productType = "com.apple.product-type.bundle.unit-test";
		};
		224F461128FD80E8004EA74F /* LandschaftserhaltungsUITests */ = {
			isa = PBXNativeTarget;
			buildConfigurationList = 224F462228FD80E8004EA74F /* Build configuration list for PBXNativeTarget "LandschaftserhaltungsUITests" */;
			buildPhases = (
				224F460E28FD80E8004EA74F /* Sources */,
				224F460F28FD80E8004EA74F /* Frameworks */,
				224F461028FD80E8004EA74F /* Resources */,
			);
			buildRules = (
			);
			dependencies = (
				224F461428FD80E8004EA74F /* PBXTargetDependency */,
			);
			name = LandschaftserhaltungsUITests;
			productName = LandschaftserhaltungsUITests;
			productReference = 224F461228FD80E8004EA74F /* LandschaftserhaltungsUITests.xctest */;
			productType = "com.apple.product-type.bundle.ui-testing";
		};
/* End PBXNativeTarget section */

/* Begin PBXProject section */
		224F45F028FD80E7004EA74F /* Project object */ = {
			isa = PBXProject;
			attributes = {
				BuildIndependentTargetsInParallel = 1;
				LastSwiftUpdateCheck = 1400;
				LastUpgradeCheck = 1400;
				TargetAttributes = {
					224F45F728FD80E7004EA74F = {
						CreatedOnToolsVersion = 14.0.1;
					};
					224F460728FD80E8004EA74F = {
						CreatedOnToolsVersion = 14.0.1;
						TestTargetID = 224F45F728FD80E7004EA74F;
					};
					224F461128FD80E8004EA74F = {
						CreatedOnToolsVersion = 14.0.1;
						TestTargetID = 224F45F728FD80E7004EA74F;
					};
				};
			};
			buildConfigurationList = 224F45F328FD80E7004EA74F /* Build configuration list for PBXProject "Landschaftserhaltungs" */;
			compatibilityVersion = "Xcode 14.0";
			developmentRegion = en;
			hasScannedForEncodings = 0;
			knownRegions = (
				en,
				Base,
			);
			mainGroup = 224F45EF28FD80E7004EA74F;
			packageReferences = (
				22455CFB29007AF3002876AD /* XCRemoteSwiftPackageReference "SwiftLocation" */,
				223BB350291144BE0064927A /* XCRemoteSwiftPackageReference "TextView" */,
			);
			productRefGroup = 224F45F928FD80E7004EA74F /* Products */;
			projectDirPath = "";
			projectRoot = "";
			targets = (
				224F45F728FD80E7004EA74F /* Landschaftserhaltungs */,
				224F460728FD80E8004EA74F /* LandschaftserhaltungsTests */,
				224F461128FD80E8004EA74F /* LandschaftserhaltungsUITests */,
			);
		};
/* End PBXProject section */

/* Begin PBXResourcesBuildPhase section */
		224F45F628FD80E7004EA74F /* Resources */ = {
			isa = PBXResourcesBuildPhase;
			buildActionMask = 2147483647;
			files = (
				224F460328FD80E8004EA74F /* Preview Assets.xcassets in Resources */,
				224F460028FD80E8004EA74F /* Assets.xcassets in Resources */,
			);
			runOnlyForDeploymentPostprocessing = 0;
		};
		224F460628FD80E8004EA74F /* Resources */ = {
			isa = PBXResourcesBuildPhase;
			buildActionMask = 2147483647;
			files = (
			);
			runOnlyForDeploymentPostprocessing = 0;
		};
		224F461028FD80E8004EA74F /* Resources */ = {
			isa = PBXResourcesBuildPhase;
			buildActionMask = 2147483647;
			files = (
			);
			runOnlyForDeploymentPostprocessing = 0;
		};
/* End PBXResourcesBuildPhase section */

/* Begin PBXSourcesBuildPhase section */
		224F45F428FD80E7004EA74F /* Sources */ = {
			isa = PBXSourcesBuildPhase;
			buildActionMask = 2147483647;
			files = (
				22455CF828FF2794002876AD /* ExpiredContractView.swift in Sources */,
				22455CF628FF03BC002876AD /* CreateNewContract.swift in Sources */,
				224F463128FE06E4004EA74F /* ThirdFeatureOverview.swift in Sources */,
				22455D102900A81A002876AD /* AppStateDataModel.xcdatamodeld in Sources */,
				221AC67B290C3A2800993F52 /* DataHandler.swift in Sources */,
				22455D0B2900901C002876AD /* ImagePicker.swift in Sources */,
				223BB35829116F9D0064927A /* SelectFilterView.swift in Sources */,
				22455CFA28FF27B5002876AD /* ManageContractView.swift in Sources */,
				224F45FE28FD80E7004EA74F /* OnboardingFlowView.swift in Sources */,
				2239595F2907DDCD00D5F38E /* ContractListItem.swift in Sources */,
				223BB34D29103C490064927A /* TextView.swift in Sources */,
				22455D122900A869002876AD /* CoreDataManager.swift in Sources */,
				224F463328FE07D8004EA74F /* DoneOverview.swift in Sources */,
				221AC67D290D150B00993F52 /* BackgroundLinearGradient.swift in Sources */,
				224F463528FE1443004EA74F /* AppState.swift in Sources */,
				22455D0D290094AE002876AD /* NewContractDataModel.swift in Sources */,
				224F462F28FE06CD004EA74F /* SecondFeatureOverview.swift in Sources */,
				223BB354291147380064927A /* WrappedTextView.swift in Sources */,
				2239595B290452A600D5F38E /* UIImageTransformer.swift in Sources */,
				2252D321290868FF00568A1A /* EditContractView.swift in Sources */,
				2239595929044A6A00D5F38E /* AppContract.swift in Sources */,
				224F463828FE1BE2004EA74F /* extensions.swift in Sources */,
				224F462D28FE06BB004EA74F /* FirstFeatureOverview.swift in Sources */,
				224F462828FDFC99004EA74F /* MainSideView.swift in Sources */,
				223AD4D42912B59B009B5C1C /* ContractAdminister.swift in Sources */,
				224F45FC28FD80E7004EA74F /* LandschaftserhaltungsApp.swift in Sources */,
				224F462B28FE0167004EA74F /* WelcomeView.swift in Sources */,
			);
			runOnlyForDeploymentPostprocessing = 0;
		};
		224F460428FD80E8004EA74F /* Sources */ = {
			isa = PBXSourcesBuildPhase;
			buildActionMask = 2147483647;
			files = (
				224F460D28FD80E8004EA74F /* LandschaftserhaltungsTests.swift in Sources */,
			);
			runOnlyForDeploymentPostprocessing = 0;
		};
		224F460E28FD80E8004EA74F /* Sources */ = {
			isa = PBXSourcesBuildPhase;
			buildActionMask = 2147483647;
			files = (
				224F461728FD80E8004EA74F /* LandschaftserhaltungsUITests.swift in Sources */,
				224F461928FD80E8004EA74F /* LandschaftserhaltungsUITestsLaunchTests.swift in Sources */,
			);
			runOnlyForDeploymentPostprocessing = 0;
		};
/* End PBXSourcesBuildPhase section */

/* Begin PBXTargetDependency section */
		224F460A28FD80E8004EA74F /* PBXTargetDependency */ = {
			isa = PBXTargetDependency;
			target = 224F45F728FD80E7004EA74F /* Landschaftserhaltungs */;
			targetProxy = 224F460928FD80E8004EA74F /* PBXContainerItemProxy */;
		};
		224F461428FD80E8004EA74F /* PBXTargetDependency */ = {
			isa = PBXTargetDependency;
			target = 224F45F728FD80E7004EA74F /* Landschaftserhaltungs */;
			targetProxy = 224F461328FD80E8004EA74F /* PBXContainerItemProxy */;
		};
/* End PBXTargetDependency section */

/* Begin XCBuildConfiguration section */
		224F461A28FD80E8004EA74F /* Debug */ = {
			isa = XCBuildConfiguration;
			buildSettings = {
				ALWAYS_SEARCH_USER_PATHS = NO;
				CLANG_ANALYZER_NONNULL = YES;
				CLANG_ANALYZER_NUMBER_OBJECT_CONVERSION = YES_AGGRESSIVE;
				CLANG_CXX_LANGUAGE_STANDARD = "gnu++20";
				CLANG_ENABLE_MODULES = YES;
				CLANG_ENABLE_OBJC_ARC = YES;
				CLANG_ENABLE_OBJC_WEAK = YES;
				CLANG_WARN_BLOCK_CAPTURE_AUTORELEASING = YES;
				CLANG_WARN_BOOL_CONVERSION = YES;
				CLANG_WARN_COMMA = YES;
				CLANG_WARN_CONSTANT_CONVERSION = YES;
				CLANG_WARN_DEPRECATED_OBJC_IMPLEMENTATIONS = YES;
				CLANG_WARN_DIRECT_OBJC_ISA_USAGE = YES_ERROR;
				CLANG_WARN_DOCUMENTATION_COMMENTS = YES;
				CLANG_WARN_EMPTY_BODY = YES;
				CLANG_WARN_ENUM_CONVERSION = YES;
				CLANG_WARN_INFINITE_RECURSION = YES;
				CLANG_WARN_INT_CONVERSION = YES;
				CLANG_WARN_NON_LITERAL_NULL_CONVERSION = YES;
				CLANG_WARN_OBJC_IMPLICIT_RETAIN_SELF = YES;
				CLANG_WARN_OBJC_LITERAL_CONVERSION = YES;
				CLANG_WARN_OBJC_ROOT_CLASS = YES_ERROR;
				CLANG_WARN_QUOTED_INCLUDE_IN_FRAMEWORK_HEADER = YES;
				CLANG_WARN_RANGE_LOOP_ANALYSIS = YES;
				CLANG_WARN_STRICT_PROTOTYPES = YES;
				CLANG_WARN_SUSPICIOUS_MOVE = YES;
				CLANG_WARN_UNGUARDED_AVAILABILITY = YES_AGGRESSIVE;
				CLANG_WARN_UNREACHABLE_CODE = YES;
				CLANG_WARN__DUPLICATE_METHOD_MATCH = YES;
				COPY_PHASE_STRIP = NO;
				DEBUG_INFORMATION_FORMAT = dwarf;
				ENABLE_STRICT_OBJC_MSGSEND = YES;
				ENABLE_TESTABILITY = YES;
				GCC_C_LANGUAGE_STANDARD = gnu11;
				GCC_DYNAMIC_NO_PIC = NO;
				GCC_NO_COMMON_BLOCKS = YES;
				GCC_OPTIMIZATION_LEVEL = 0;
				GCC_PREPROCESSOR_DEFINITIONS = (
					"DEBUG=1",
					"$(inherited)",
				);
				GCC_WARN_64_TO_32_BIT_CONVERSION = YES;
				GCC_WARN_ABOUT_RETURN_TYPE = YES_ERROR;
				GCC_WARN_UNDECLARED_SELECTOR = YES;
				GCC_WARN_UNINITIALIZED_AUTOS = YES_AGGRESSIVE;
				GCC_WARN_UNUSED_FUNCTION = YES;
				GCC_WARN_UNUSED_VARIABLE = YES;
				IPHONEOS_DEPLOYMENT_TARGET = 16.0;
				MTL_ENABLE_DEBUG_INFO = INCLUDE_SOURCE;
				MTL_FAST_MATH = YES;
				ONLY_ACTIVE_ARCH = YES;
				SDKROOT = iphoneos;
				SWIFT_ACTIVE_COMPILATION_CONDITIONS = DEBUG;
				SWIFT_OPTIMIZATION_LEVEL = "-Onone";
			};
			name = Debug;
		};
		224F461B28FD80E8004EA74F /* Release */ = {
			isa = XCBuildConfiguration;
			buildSettings = {
				ALWAYS_SEARCH_USER_PATHS = NO;
				CLANG_ANALYZER_NONNULL = YES;
				CLANG_ANALYZER_NUMBER_OBJECT_CONVERSION = YES_AGGRESSIVE;
				CLANG_CXX_LANGUAGE_STANDARD = "gnu++20";
				CLANG_ENABLE_MODULES = YES;
				CLANG_ENABLE_OBJC_ARC = YES;
				CLANG_ENABLE_OBJC_WEAK = YES;
				CLANG_WARN_BLOCK_CAPTURE_AUTORELEASING = YES;
				CLANG_WARN_BOOL_CONVERSION = YES;
				CLANG_WARN_COMMA = YES;
				CLANG_WARN_CONSTANT_CONVERSION = YES;
				CLANG_WARN_DEPRECATED_OBJC_IMPLEMENTATIONS = YES;
				CLANG_WARN_DIRECT_OBJC_ISA_USAGE = YES_ERROR;
				CLANG_WARN_DOCUMENTATION_COMMENTS = YES;
				CLANG_WARN_EMPTY_BODY = YES;
				CLANG_WARN_ENUM_CONVERSION = YES;
				CLANG_WARN_INFINITE_RECURSION = YES;
				CLANG_WARN_INT_CONVERSION = YES;
				CLANG_WARN_NON_LITERAL_NULL_CONVERSION = YES;
				CLANG_WARN_OBJC_IMPLICIT_RETAIN_SELF = YES;
				CLANG_WARN_OBJC_LITERAL_CONVERSION = YES;
				CLANG_WARN_OBJC_ROOT_CLASS = YES_ERROR;
				CLANG_WARN_QUOTED_INCLUDE_IN_FRAMEWORK_HEADER = YES;
				CLANG_WARN_RANGE_LOOP_ANALYSIS = YES;
				CLANG_WARN_STRICT_PROTOTYPES = YES;
				CLANG_WARN_SUSPICIOUS_MOVE = YES;
				CLANG_WARN_UNGUARDED_AVAILABILITY = YES_AGGRESSIVE;
				CLANG_WARN_UNREACHABLE_CODE = YES;
				CLANG_WARN__DUPLICATE_METHOD_MATCH = YES;
				COPY_PHASE_STRIP = NO;
				DEBUG_INFORMATION_FORMAT = "dwarf-with-dsym";
				ENABLE_NS_ASSERTIONS = NO;
				ENABLE_STRICT_OBJC_MSGSEND = YES;
				GCC_C_LANGUAGE_STANDARD = gnu11;
				GCC_NO_COMMON_BLOCKS = YES;
				GCC_WARN_64_TO_32_BIT_CONVERSION = YES;
				GCC_WARN_ABOUT_RETURN_TYPE = YES_ERROR;
				GCC_WARN_UNDECLARED_SELECTOR = YES;
				GCC_WARN_UNINITIALIZED_AUTOS = YES_AGGRESSIVE;
				GCC_WARN_UNUSED_FUNCTION = YES;
				GCC_WARN_UNUSED_VARIABLE = YES;
				IPHONEOS_DEPLOYMENT_TARGET = 16.0;
				MTL_ENABLE_DEBUG_INFO = NO;
				MTL_FAST_MATH = YES;
				SDKROOT = iphoneos;
				SWIFT_COMPILATION_MODE = wholemodule;
				SWIFT_OPTIMIZATION_LEVEL = "-O";
				VALIDATE_PRODUCT = YES;
			};
			name = Release;
		};
		224F461D28FD80E8004EA74F /* Debug */ = {
			isa = XCBuildConfiguration;
			buildSettings = {
				ASSETCATALOG_COMPILER_APPICON_NAME = AppIcon;
				ASSETCATALOG_COMPILER_GLOBAL_ACCENT_COLOR_NAME = AccentColor;
				CODE_SIGN_STYLE = Automatic;
				CURRENT_PROJECT_VERSION = 1;
				DEVELOPMENT_ASSET_PATHS = "\"Landschaftserhaltungs/Preview Content\"";
				DEVELOPMENT_TEAM = 6QRCDK36S8;
				ENABLE_PREVIEWS = YES;
				GENERATE_INFOPLIST_FILE = YES;
				INFOPLIST_KEY_UIApplicationSceneManifest_Generation = YES;
				INFOPLIST_KEY_UIApplicationSupportsIndirectInputEvents = YES;
				INFOPLIST_KEY_UILaunchScreen_Generation = YES;
				INFOPLIST_KEY_UISupportedInterfaceOrientations_iPad = "UIInterfaceOrientationPortrait UIInterfaceOrientationPortraitUpsideDown UIInterfaceOrientationLandscapeLeft UIInterfaceOrientationLandscapeRight";
				INFOPLIST_KEY_UISupportedInterfaceOrientations_iPhone = "UIInterfaceOrientationPortrait UIInterfaceOrientationLandscapeLeft UIInterfaceOrientationLandscapeRight";
				LD_RUNPATH_SEARCH_PATHS = (
					"$(inherited)",
					"@executable_path/Frameworks",
				);
				MARKETING_VERSION = 1.0;
				PRODUCT_BUNDLE_IDENTIFIER = com.hfu.landschaftserhaltungs;
				PRODUCT_NAME = "$(TARGET_NAME)";
				SWIFT_EMIT_LOC_STRINGS = YES;
				SWIFT_VERSION = 5.0;
				TARGETED_DEVICE_FAMILY = "1,2";
			};
			name = Debug;
		};
		224F461E28FD80E8004EA74F /* Release */ = {
			isa = XCBuildConfiguration;
			buildSettings = {
				ASSETCATALOG_COMPILER_APPICON_NAME = AppIcon;
				ASSETCATALOG_COMPILER_GLOBAL_ACCENT_COLOR_NAME = AccentColor;
				CODE_SIGN_STYLE = Automatic;
				CURRENT_PROJECT_VERSION = 1;
				DEVELOPMENT_ASSET_PATHS = "\"Landschaftserhaltungs/Preview Content\"";
				DEVELOPMENT_TEAM = 6QRCDK36S8;
				ENABLE_PREVIEWS = YES;
				GENERATE_INFOPLIST_FILE = YES;
				INFOPLIST_KEY_UIApplicationSceneManifest_Generation = YES;
				INFOPLIST_KEY_UIApplicationSupportsIndirectInputEvents = YES;
				INFOPLIST_KEY_UILaunchScreen_Generation = YES;
				INFOPLIST_KEY_UISupportedInterfaceOrientations_iPad = "UIInterfaceOrientationPortrait UIInterfaceOrientationPortraitUpsideDown UIInterfaceOrientationLandscapeLeft UIInterfaceOrientationLandscapeRight";
				INFOPLIST_KEY_UISupportedInterfaceOrientations_iPhone = "UIInterfaceOrientationPortrait UIInterfaceOrientationLandscapeLeft UIInterfaceOrientationLandscapeRight";
				LD_RUNPATH_SEARCH_PATHS = (
					"$(inherited)",
					"@executable_path/Frameworks",
				);
				MARKETING_VERSION = 1.0;
				PRODUCT_BUNDLE_IDENTIFIER = com.hfu.landschaftserhaltungs;
				PRODUCT_NAME = "$(TARGET_NAME)";
				SWIFT_EMIT_LOC_STRINGS = YES;
				SWIFT_VERSION = 5.0;
				TARGETED_DEVICE_FAMILY = "1,2";
			};
			name = Release;
		};
		224F462028FD80E8004EA74F /* Debug */ = {
			isa = XCBuildConfiguration;
			buildSettings = {
				ALWAYS_EMBED_SWIFT_STANDARD_LIBRARIES = YES;
				BUNDLE_LOADER = "$(TEST_HOST)";
				CODE_SIGN_STYLE = Automatic;
				CURRENT_PROJECT_VERSION = 1;
				DEVELOPMENT_TEAM = 6QRCDK36S8;
				GENERATE_INFOPLIST_FILE = YES;
				IPHONEOS_DEPLOYMENT_TARGET = 16.0;
				MARKETING_VERSION = 1.0;
				PRODUCT_BUNDLE_IDENTIFIER = com.hfu.landschaftserhaltungs.LandschaftserhaltungsTests;
				PRODUCT_NAME = "$(TARGET_NAME)";
				SWIFT_EMIT_LOC_STRINGS = NO;
				SWIFT_VERSION = 5.0;
				TARGETED_DEVICE_FAMILY = "1,2";
				TEST_HOST = "$(BUILT_PRODUCTS_DIR)/Landschaftserhaltungs.app/$(BUNDLE_EXECUTABLE_FOLDER_PATH)/Landschaftserhaltungs";
			};
			name = Debug;
		};
		224F462128FD80E8004EA74F /* Release */ = {
			isa = XCBuildConfiguration;
			buildSettings = {
				ALWAYS_EMBED_SWIFT_STANDARD_LIBRARIES = YES;
				BUNDLE_LOADER = "$(TEST_HOST)";
				CODE_SIGN_STYLE = Automatic;
				CURRENT_PROJECT_VERSION = 1;
				DEVELOPMENT_TEAM = 6QRCDK36S8;
				GENERATE_INFOPLIST_FILE = YES;
				IPHONEOS_DEPLOYMENT_TARGET = 16.0;
				MARKETING_VERSION = 1.0;
				PRODUCT_BUNDLE_IDENTIFIER = com.hfu.landschaftserhaltungs.LandschaftserhaltungsTests;
				PRODUCT_NAME = "$(TARGET_NAME)";
				SWIFT_EMIT_LOC_STRINGS = NO;
				SWIFT_VERSION = 5.0;
				TARGETED_DEVICE_FAMILY = "1,2";
				TEST_HOST = "$(BUILT_PRODUCTS_DIR)/Landschaftserhaltungs.app/$(BUNDLE_EXECUTABLE_FOLDER_PATH)/Landschaftserhaltungs";
			};
			name = Release;
		};
		224F462328FD80E8004EA74F /* Debug */ = {
			isa = XCBuildConfiguration;
			buildSettings = {
				ALWAYS_EMBED_SWIFT_STANDARD_LIBRARIES = YES;
				CODE_SIGN_STYLE = Automatic;
				CURRENT_PROJECT_VERSION = 1;
				DEVELOPMENT_TEAM = 6QRCDK36S8;
				GENERATE_INFOPLIST_FILE = YES;
				MARKETING_VERSION = 1.0;
				PRODUCT_BUNDLE_IDENTIFIER = com.hfu.landschaftserhaltungs.LandschaftserhaltungsUITests;
				PRODUCT_NAME = "$(TARGET_NAME)";
				SWIFT_EMIT_LOC_STRINGS = NO;
				SWIFT_VERSION = 5.0;
				TARGETED_DEVICE_FAMILY = "1,2";
				TEST_TARGET_NAME = Landschaftserhaltungs;
			};
			name = Debug;
		};
		224F462428FD80E8004EA74F /* Release */ = {
			isa = XCBuildConfiguration;
			buildSettings = {
				ALWAYS_EMBED_SWIFT_STANDARD_LIBRARIES = YES;
				CODE_SIGN_STYLE = Automatic;
				CURRENT_PROJECT_VERSION = 1;
				DEVELOPMENT_TEAM = 6QRCDK36S8;
				GENERATE_INFOPLIST_FILE = YES;
				MARKETING_VERSION = 1.0;
				PRODUCT_BUNDLE_IDENTIFIER = com.hfu.landschaftserhaltungs.LandschaftserhaltungsUITests;
				PRODUCT_NAME = "$(TARGET_NAME)";
				SWIFT_EMIT_LOC_STRINGS = NO;
				SWIFT_VERSION = 5.0;
				TARGETED_DEVICE_FAMILY = "1,2";
				TEST_TARGET_NAME = Landschaftserhaltungs;
			};
			name = Release;
		};
/* End XCBuildConfiguration section */

/* Begin XCConfigurationList section */
		224F45F328FD80E7004EA74F /* Build configuration list for PBXProject "Landschaftserhaltungs" */ = {
			isa = XCConfigurationList;
			buildConfigurations = (
				224F461A28FD80E8004EA74F /* Debug */,
				224F461B28FD80E8004EA74F /* Release */,
			);
			defaultConfigurationIsVisible = 0;
			defaultConfigurationName = Release;
		};
		224F461C28FD80E8004EA74F /* Build configuration list for PBXNativeTarget "Landschaftserhaltungs" */ = {
			isa = XCConfigurationList;
			buildConfigurations = (
				224F461D28FD80E8004EA74F /* Debug */,
				224F461E28FD80E8004EA74F /* Release */,
			);
			defaultConfigurationIsVisible = 0;
			defaultConfigurationName = Release;
		};
		224F461F28FD80E8004EA74F /* Build configuration list for PBXNativeTarget "LandschaftserhaltungsTests" */ = {
			isa = XCConfigurationList;
			buildConfigurations = (
				224F462028FD80E8004EA74F /* Debug */,
				224F462128FD80E8004EA74F /* Release */,
			);
			defaultConfigurationIsVisible = 0;
			defaultConfigurationName = Release;
		};
		224F462228FD80E8004EA74F /* Build configuration list for PBXNativeTarget "LandschaftserhaltungsUITests" */ = {
			isa = XCConfigurationList;
			buildConfigurations = (
				224F462328FD80E8004EA74F /* Debug */,
				224F462428FD80E8004EA74F /* Release */,
			);
			defaultConfigurationIsVisible = 0;
			defaultConfigurationName = Release;
		};
/* End XCConfigurationList section */

/* Begin XCRemoteSwiftPackageReference section */
		223BB350291144BE0064927A /* XCRemoteSwiftPackageReference "TextView" */ = {
			isa = XCRemoteSwiftPackageReference;
			repositoryURL = "https://github.com/SwiftUI-Plus/TextView.git";
			requirement = {
				kind = upToNextMajorVersion;
				minimumVersion = 1.0.0;
			};
		};
		22455CFB29007AF3002876AD /* XCRemoteSwiftPackageReference "SwiftLocation" */ = {
			isa = XCRemoteSwiftPackageReference;
			repositoryURL = "https://github.com/malcommac/SwiftLocation";
			requirement = {
				kind = upToNextMajorVersion;
				minimumVersion = 5.0.0;
			};
		};
/* End XCRemoteSwiftPackageReference section */

/* Begin XCVersionGroup section */
		22455D0E2900A81A002876AD /* AppStateDataModel.xcdatamodeld */ = {
			isa = XCVersionGroup;
			children = (
				22455D0F2900A81A002876AD /* AppStateDataModel.xcdatamodel */,
			);
			currentVersion = 22455D0F2900A81A002876AD /* AppStateDataModel.xcdatamodel */;
			path = AppStateDataModel.xcdatamodeld;
			sourceTree = "<group>";
			versionGroupType = wrapper.xcdatamodel;
		};
/* End XCVersionGroup section */
	};
	rootObject = 224F45F028FD80E7004EA74F /* Project object */;
}
